// !$*UTF8*$!
{
	archiveVersion = 1;
	classes = {
	};
	objectVersion = 56;
	objects = {

/* Begin PBXBuildFile section */
		2207E24D2C44F2A7005A4FCA /* SnapKit in Frameworks */ = {isa = PBXBuildFile; productRef = 2207E24C2C44F2A7005A4FCA /* SnapKit */; };
		222CC0752C58CE940069C1B5 /* ShareModel.swift in Sources */ = {isa = PBXBuildFile; fileRef = 222CC0742C58CE940069C1B5 /* ShareModel.swift */; };
		222CC0772C5A2CE10069C1B5 /* ArticleModel.swift in Sources */ = {isa = PBXBuildFile; fileRef = 222CC0762C5A2CE10069C1B5 /* ArticleModel.swift */; };
		222CC0792C5A31900069C1B5 /* TrainingDatabase.swift in Sources */ = {isa = PBXBuildFile; fileRef = 222CC0782C5A31900069C1B5 /* TrainingDatabase.swift */; };
		222CC07E2C5D19EA0069C1B5 /* MainTabBarController.swift in Sources */ = {isa = PBXBuildFile; fileRef = 222CC07D2C5D19EA0069C1B5 /* MainTabBarController.swift */; };
		2232D3542B95569D00804F81 /* AppDelegate.swift in Sources */ = {isa = PBXBuildFile; fileRef = 2232D3532B95569D00804F81 /* AppDelegate.swift */; };
		2232D3562B95569D00804F81 /* SceneDelegate.swift in Sources */ = {isa = PBXBuildFile; fileRef = 2232D3552B95569D00804F81 /* SceneDelegate.swift */; };
		2232D3582B95569D00804F81 /* ViewController.swift in Sources */ = {isa = PBXBuildFile; fileRef = 2232D3572B95569D00804F81 /* ViewController.swift */; };
		2232D35E2B95569D00804F81 /* Gliding.xcdatamodeld in Sources */ = {isa = PBXBuildFile; fileRef = 2232D35C2B95569D00804F81 /* Gliding.xcdatamodeld */; };
		2232D3602B95569F00804F81 /* Assets.xcassets in Resources */ = {isa = PBXBuildFile; fileRef = 2232D35F2B95569F00804F81 /* Assets.xcassets */; };
		2232D3632B95569F00804F81 /* LaunchScreen.storyboard in Resources */ = {isa = PBXBuildFile; fileRef = 2232D3612B95569F00804F81 /* LaunchScreen.storyboard */; };
		2232D36E2B95569F00804F81 /* GlidingTests.swift in Sources */ = {isa = PBXBuildFile; fileRef = 2232D36D2B95569F00804F81 /* GlidingTests.swift */; };
		2232D3BF2B96AD0F00804F81 /* TrainingTableModel.swift in Sources */ = {isa = PBXBuildFile; fileRef = 2232D3BE2B96AD0F00804F81 /* TrainingTableModel.swift */; };
		2232D3C12B96B87B00804F81 /* HealthData.swift in Sources */ = {isa = PBXBuildFile; fileRef = 2232D3C02B96B87B00804F81 /* HealthData.swift */; };
		22408B9F2C48F32D003ABF30 /* HomeViewModel.swift in Sources */ = {isa = PBXBuildFile; fileRef = 22408B9E2C48F32D003ABF30 /* HomeViewModel.swift */; };
		22408BA12C48F52A003ABF30 /* ViewModel.swift in Sources */ = {isa = PBXBuildFile; fileRef = 22408BA02C48F52A003ABF30 /* ViewModel.swift */; };
		2257541A2C7DA29B001DE328 /* LocationManager.swift in Sources */ = {isa = PBXBuildFile; fileRef = 225754192C7DA29B001DE328 /* LocationManager.swift */; };
		227C0F912C439168006D42FB /* RxBlocking in Frameworks */ = {isa = PBXBuildFile; productRef = 227C0F902C439168006D42FB /* RxBlocking */; };
		227C0F932C439168006D42FB /* RxCocoa in Frameworks */ = {isa = PBXBuildFile; productRef = 227C0F922C439168006D42FB /* RxCocoa */; };
		227C0F952C439168006D42FB /* RxRelay in Frameworks */ = {isa = PBXBuildFile; productRef = 227C0F942C439168006D42FB /* RxRelay */; };
		227C0F972C439168006D42FB /* RxSwift in Frameworks */ = {isa = PBXBuildFile; productRef = 227C0F962C439168006D42FB /* RxSwift */; };
		227C0F992C439168006D42FB /* RxTest in Frameworks */ = {isa = PBXBuildFile; productRef = 227C0F982C439168006D42FB /* RxTest */; };
		227C0F9B2C43B5E9006D42FB /* PoolInfo.swift in Sources */ = {isa = PBXBuildFile; fileRef = 227C0F9A2C43B5E9006D42FB /* PoolInfo.swift */; };
		228C6B282BA30CC40085DE54 /* ViewController+CollectionViewLayout.swift in Sources */ = {isa = PBXBuildFile; fileRef = 228C6B272BA30CC40085DE54 /* ViewController+CollectionViewLayout.swift */; };
		228C6B2B2BA3159D0085DE54 /* StatisticData.swift in Sources */ = {isa = PBXBuildFile; fileRef = 228C6B2A2BA3159D0085DE54 /* StatisticData.swift */; };
		228C6B2E2BA31B010085DE54 /* SwimTipCell.swift in Sources */ = {isa = PBXBuildFile; fileRef = 228C6B2D2BA31B010085DE54 /* SwimTipCell.swift */; };
		228C6B302BA31B2B0085DE54 /* PoolInfoCell.swift in Sources */ = {isa = PBXBuildFile; fileRef = 228C6B2F2BA31B2B0085DE54 /* PoolInfoCell.swift */; };
		228C6B322BA31B540085DE54 /* MainProfileCell.swift in Sources */ = {isa = PBXBuildFile; fileRef = 228C6B312BA31B540085DE54 /* MainProfileCell.swift */; };
		228C6B362BA31BC50085DE54 /* StatisticViewController.swift in Sources */ = {isa = PBXBuildFile; fileRef = 228C6B352BA31BC50085DE54 /* StatisticViewController.swift */; };
/* End PBXBuildFile section */

/* Begin PBXContainerItemProxy section */
		2232D36A2B95569F00804F81 /* PBXContainerItemProxy */ = {
			isa = PBXContainerItemProxy;
			containerPortal = 2232D3482B95569D00804F81 /* Project object */;
			proxyType = 1;
			remoteGlobalIDString = 2232D34F2B95569D00804F81;
			remoteInfo = Gliding;
		};
/* End PBXContainerItemProxy section */

/* Begin PBXCopyFilesBuildPhase section */
		2232D3B12B95573700804F81 /* Embed Watch Content */ = {
			isa = PBXCopyFilesBuildPhase;
			buildActionMask = 2147483647;
			dstPath = "$(CONTENTS_FOLDER_PATH)/Watch";
			dstSubfolderSpec = 16;
			files = (
			);
			name = "Embed Watch Content";
			runOnlyForDeploymentPostprocessing = 0;
		};
/* End PBXCopyFilesBuildPhase section */

/* Begin PBXFileReference section */
		222CC0742C58CE940069C1B5 /* ShareModel.swift */ = {isa = PBXFileReference; lastKnownFileType = sourcecode.swift; path = ShareModel.swift; sourceTree = "<group>"; };
		222CC0762C5A2CE10069C1B5 /* ArticleModel.swift */ = {isa = PBXFileReference; lastKnownFileType = sourcecode.swift; path = ArticleModel.swift; sourceTree = "<group>"; };
		222CC0782C5A31900069C1B5 /* TrainingDatabase.swift */ = {isa = PBXFileReference; lastKnownFileType = sourcecode.swift; path = TrainingDatabase.swift; sourceTree = "<group>"; };
		222CC07D2C5D19EA0069C1B5 /* MainTabBarController.swift */ = {isa = PBXFileReference; lastKnownFileType = sourcecode.swift; path = MainTabBarController.swift; sourceTree = "<group>"; };
		2232D3502B95569D00804F81 /* Gliding.app */ = {isa = PBXFileReference; explicitFileType = wrapper.application; includeInIndex = 0; path = Gliding.app; sourceTree = BUILT_PRODUCTS_DIR; };
		2232D3532B95569D00804F81 /* AppDelegate.swift */ = {isa = PBXFileReference; lastKnownFileType = sourcecode.swift; path = AppDelegate.swift; sourceTree = "<group>"; };
		2232D3552B95569D00804F81 /* SceneDelegate.swift */ = {isa = PBXFileReference; lastKnownFileType = sourcecode.swift; path = SceneDelegate.swift; sourceTree = "<group>"; };
		2232D3572B95569D00804F81 /* ViewController.swift */ = {isa = PBXFileReference; lastKnownFileType = sourcecode.swift; path = ViewController.swift; sourceTree = "<group>"; };
		2232D35D2B95569D00804F81 /* Gliding.xcdatamodel */ = {isa = PBXFileReference; lastKnownFileType = wrapper.xcdatamodel; path = Gliding.xcdatamodel; sourceTree = "<group>"; };
		2232D35F2B95569F00804F81 /* Assets.xcassets */ = {isa = PBXFileReference; lastKnownFileType = folder.assetcatalog; path = Assets.xcassets; sourceTree = "<group>"; };
		2232D3622B95569F00804F81 /* Base */ = {isa = PBXFileReference; lastKnownFileType = file.storyboard; name = Base; path = Base.lproj/LaunchScreen.storyboard; sourceTree = "<group>"; };
		2232D3642B95569F00804F81 /* Info.plist */ = {isa = PBXFileReference; lastKnownFileType = text.plist.xml; path = Info.plist; sourceTree = "<group>"; };
		2232D3692B95569F00804F81 /* GlidingTests.xctest */ = {isa = PBXFileReference; explicitFileType = wrapper.cfbundle; includeInIndex = 0; path = GlidingTests.xctest; sourceTree = BUILT_PRODUCTS_DIR; };
		2232D36D2B95569F00804F81 /* GlidingTests.swift */ = {isa = PBXFileReference; lastKnownFileType = sourcecode.swift; path = GlidingTests.swift; sourceTree = "<group>"; };
		2232D3BE2B96AD0F00804F81 /* TrainingTableModel.swift */ = {isa = PBXFileReference; lastKnownFileType = sourcecode.swift; path = TrainingTableModel.swift; sourceTree = "<group>"; };
		2232D3C02B96B87B00804F81 /* HealthData.swift */ = {isa = PBXFileReference; lastKnownFileType = sourcecode.swift; path = HealthData.swift; sourceTree = "<group>"; };
		2232D3C22B96BB2700804F81 /* Gliding.entitlements */ = {isa = PBXFileReference; lastKnownFileType = text.plist.entitlements; path = Gliding.entitlements; sourceTree = "<group>"; };
		22408B9E2C48F32D003ABF30 /* HomeViewModel.swift */ = {isa = PBXFileReference; lastKnownFileType = sourcecode.swift; path = HomeViewModel.swift; sourceTree = "<group>"; };
		22408BA02C48F52A003ABF30 /* ViewModel.swift */ = {isa = PBXFileReference; lastKnownFileType = sourcecode.swift; path = ViewModel.swift; sourceTree = "<group>"; };
		225754192C7DA29B001DE328 /* LocationManager.swift */ = {isa = PBXFileReference; lastKnownFileType = sourcecode.swift; path = LocationManager.swift; sourceTree = "<group>"; };
		227C0F9A2C43B5E9006D42FB /* PoolInfo.swift */ = {isa = PBXFileReference; lastKnownFileType = sourcecode.swift; path = PoolInfo.swift; sourceTree = "<group>"; };
		228C6B272BA30CC40085DE54 /* ViewController+CollectionViewLayout.swift */ = {isa = PBXFileReference; lastKnownFileType = sourcecode.swift; path = "ViewController+CollectionViewLayout.swift"; sourceTree = "<group>"; };
		228C6B2A2BA3159D0085DE54 /* StatisticData.swift */ = {isa = PBXFileReference; lastKnownFileType = sourcecode.swift; path = StatisticData.swift; sourceTree = "<group>"; };
		228C6B2D2BA31B010085DE54 /* SwimTipCell.swift */ = {isa = PBXFileReference; lastKnownFileType = sourcecode.swift; path = SwimTipCell.swift; sourceTree = "<group>"; };
		228C6B2F2BA31B2B0085DE54 /* PoolInfoCell.swift */ = {isa = PBXFileReference; lastKnownFileType = sourcecode.swift; path = PoolInfoCell.swift; sourceTree = "<group>"; };
		228C6B312BA31B540085DE54 /* MainProfileCell.swift */ = {isa = PBXFileReference; lastKnownFileType = sourcecode.swift; path = MainProfileCell.swift; sourceTree = "<group>"; };
		228C6B352BA31BC50085DE54 /* StatisticViewController.swift */ = {isa = PBXFileReference; lastKnownFileType = sourcecode.swift; path = StatisticViewController.swift; sourceTree = "<group>"; };
/* End PBXFileReference section */

/* Begin PBXFrameworksBuildPhase section */
		2232D34D2B95569D00804F81 /* Frameworks */ = {
			isa = PBXFrameworksBuildPhase;
			buildActionMask = 2147483647;
			files = (
				227C0F972C439168006D42FB /* RxSwift in Frameworks */,
				2207E24D2C44F2A7005A4FCA /* SnapKit in Frameworks */,
				227C0F952C439168006D42FB /* RxRelay in Frameworks */,
				227C0F932C439168006D42FB /* RxCocoa in Frameworks */,
			);
			runOnlyForDeploymentPostprocessing = 0;
		};
		2232D3662B95569F00804F81 /* Frameworks */ = {
			isa = PBXFrameworksBuildPhase;
			buildActionMask = 2147483647;
			files = (
				227C0F992C439168006D42FB /* RxTest in Frameworks */,
				227C0F912C439168006D42FB /* RxBlocking in Frameworks */,
			);
			runOnlyForDeploymentPostprocessing = 0;
		};
/* End PBXFrameworksBuildPhase section */

/* Begin PBXGroup section */
		222CC07A2C5D0AC20069C1B5 /* Repository */ = {
			isa = PBXGroup;
			children = (
				2232D3C02B96B87B00804F81 /* HealthData.swift */,
				222CC0782C5A31900069C1B5 /* TrainingDatabase.swift */,
				225754192C7DA29B001DE328 /* LocationManager.swift */,
			);
			path = Repository;
			sourceTree = "<group>";
		};
		222CC07B2C5D0AD00069C1B5 /* Service */ = {
			isa = PBXGroup;
			children = (
			);
			path = Service;
			sourceTree = "<group>";
		};
		222CC07C2C5D0AE40069C1B5 /* App */ = {
			isa = PBXGroup;
			children = (
				2232D3532B95569D00804F81 /* AppDelegate.swift */,
				2232D3552B95569D00804F81 /* SceneDelegate.swift */,
				2232D35C2B95569D00804F81 /* Gliding.xcdatamodeld */,
				2232D3642B95569F00804F81 /* Info.plist */,
				2232D35F2B95569F00804F81 /* Assets.xcassets */,
				2232D3612B95569F00804F81 /* LaunchScreen.storyboard */,
			);
			path = App;
			sourceTree = "<group>";
		};
		2232D3472B95569D00804F81 = {
			isa = PBXGroup;
			children = (
				2232D3522B95569D00804F81 /* Gliding */,
				2232D36C2B95569F00804F81 /* GlidingTests */,
				2232D3512B95569D00804F81 /* Products */,
			);
			sourceTree = "<group>";
		};
		2232D3512B95569D00804F81 /* Products */ = {
			isa = PBXGroup;
			children = (
				2232D3502B95569D00804F81 /* Gliding.app */,
				2232D3692B95569F00804F81 /* GlidingTests.xctest */,
			);
			name = Products;
			sourceTree = "<group>";
		};
		2232D3522B95569D00804F81 /* Gliding */ = {
			isa = PBXGroup;
			children = (
				2232D3C22B96BB2700804F81 /* Gliding.entitlements */,
				222CC07C2C5D0AE40069C1B5 /* App */,
				228C6B342BA31B9E0085DE54 /* StatisticScene */,
				228C6B332BA31B710085DE54 /* Model */,
				228C6B292BA3155C0085DE54 /* HomeScene */,
				222CC07B2C5D0AD00069C1B5 /* Service */,
				222CC07A2C5D0AC20069C1B5 /* Repository */,
			);
			path = Gliding;
			sourceTree = "<group>";
		};
		2232D36C2B95569F00804F81 /* GlidingTests */ = {
			isa = PBXGroup;
			children = (
				2232D36D2B95569F00804F81 /* GlidingTests.swift */,
			);
			path = GlidingTests;
			sourceTree = "<group>";
		};
		228C6B292BA3155C0085DE54 /* HomeScene */ = {
			isa = PBXGroup;
			children = (
				22408BA02C48F52A003ABF30 /* ViewModel.swift */,
				228C6B2C2BA31AD60085DE54 /* Cells */,
				2232D3572B95569D00804F81 /* ViewController.swift */,
				22408B9E2C48F32D003ABF30 /* HomeViewModel.swift */,
				228C6B272BA30CC40085DE54 /* ViewController+CollectionViewLayout.swift */,
				222CC07D2C5D19EA0069C1B5 /* MainTabBarController.swift */,
			);
			path = HomeScene;
			sourceTree = "<group>";
		};
		228C6B2C2BA31AD60085DE54 /* Cells */ = {
			isa = PBXGroup;
			children = (
				228C6B2D2BA31B010085DE54 /* SwimTipCell.swift */,
				228C6B2F2BA31B2B0085DE54 /* PoolInfoCell.swift */,
				228C6B312BA31B540085DE54 /* MainProfileCell.swift */,
			);
			path = Cells;
			sourceTree = "<group>";
		};
		228C6B332BA31B710085DE54 /* Model */ = {
			isa = PBXGroup;
			children = (
				222CC0742C58CE940069C1B5 /* ShareModel.swift */,
				2232D3BE2B96AD0F00804F81 /* TrainingTableModel.swift */,
				228C6B2A2BA3159D0085DE54 /* StatisticData.swift */,
				227C0F9A2C43B5E9006D42FB /* PoolInfo.swift */,
				222CC0762C5A2CE10069C1B5 /* ArticleModel.swift */,
			);
			path = Model;
			sourceTree = "<group>";
		};
		228C6B342BA31B9E0085DE54 /* StatisticScene */ = {
			isa = PBXGroup;
			children = (
				228C6B352BA31BC50085DE54 /* StatisticViewController.swift */,
			);
			path = StatisticScene;
			sourceTree = "<group>";
		};
/* End PBXGroup section */

/* Begin PBXNativeTarget section */
		2232D34F2B95569D00804F81 /* Gliding */ = {
			isa = PBXNativeTarget;
			buildConfigurationList = 2232D37D2B95569F00804F81 /* Build configuration list for PBXNativeTarget "Gliding" */;
			buildPhases = (
				2232D34C2B95569D00804F81 /* Sources */,
				2232D34D2B95569D00804F81 /* Frameworks */,
				2232D34E2B95569D00804F81 /* Resources */,
				2232D3B12B95573700804F81 /* Embed Watch Content */,
			);
			buildRules = (
			);
			dependencies = (
			);
			name = Gliding;
			packageProductDependencies = (
				227C0F922C439168006D42FB /* RxCocoa */,
				227C0F942C439168006D42FB /* RxRelay */,
				227C0F962C439168006D42FB /* RxSwift */,
				2207E24C2C44F2A7005A4FCA /* SnapKit */,
			);
			productName = Gliding;
			productReference = 2232D3502B95569D00804F81 /* Gliding.app */;
			productType = "com.apple.product-type.application";
		};
		2232D3682B95569F00804F81 /* GlidingTests */ = {
			isa = PBXNativeTarget;
			buildConfigurationList = 2232D3802B95569F00804F81 /* Build configuration list for PBXNativeTarget "GlidingTests" */;
			buildPhases = (
				2232D3652B95569F00804F81 /* Sources */,
				2232D3662B95569F00804F81 /* Frameworks */,
				2232D3672B95569F00804F81 /* Resources */,
			);
			buildRules = (
			);
			dependencies = (
				2232D36B2B95569F00804F81 /* PBXTargetDependency */,
			);
			name = GlidingTests;
			packageProductDependencies = (
				227C0F902C439168006D42FB /* RxBlocking */,
				227C0F982C439168006D42FB /* RxTest */,
			);
			productName = GlidingTests;
			productReference = 2232D3692B95569F00804F81 /* GlidingTests.xctest */;
			productType = "com.apple.product-type.bundle.unit-test";
		};
/* End PBXNativeTarget section */

/* Begin PBXProject section */
		2232D3482B95569D00804F81 /* Project object */ = {
			isa = PBXProject;
			attributes = {
				BuildIndependentTargetsInParallel = 1;
				LastSwiftUpdateCheck = 1520;
				LastUpgradeCheck = 1520;
				TargetAttributes = {
					2232D34F2B95569D00804F81 = {
						CreatedOnToolsVersion = 15.2;
					};
					2232D3682B95569F00804F81 = {
						CreatedOnToolsVersion = 15.2;
						TestTargetID = 2232D34F2B95569D00804F81;
					};
				};
			};
			buildConfigurationList = 2232D34B2B95569D00804F81 /* Build configuration list for PBXProject "Gliding" */;
			compatibilityVersion = "Xcode 14.0";
			developmentRegion = en;
			hasScannedForEncodings = 0;
			knownRegions = (
				en,
				Base,
			);
			mainGroup = 2232D3472B95569D00804F81;
			packageReferences = (
				227C0F8F2C439168006D42FB /* XCRemoteSwiftPackageReference "RxSwift" */,
				2207E24B2C44F2A7005A4FCA /* XCRemoteSwiftPackageReference "SnapKit" */,
			);
			productRefGroup = 2232D3512B95569D00804F81 /* Products */;
			projectDirPath = "";
			projectRoot = "";
			targets = (
				2232D34F2B95569D00804F81 /* Gliding */,
				2232D3682B95569F00804F81 /* GlidingTests */,
			);
		};
/* End PBXProject section */

/* Begin PBXResourcesBuildPhase section */
		2232D34E2B95569D00804F81 /* Resources */ = {
			isa = PBXResourcesBuildPhase;
			buildActionMask = 2147483647;
			files = (
				2232D3632B95569F00804F81 /* LaunchScreen.storyboard in Resources */,
				2232D3602B95569F00804F81 /* Assets.xcassets in Resources */,
			);
			runOnlyForDeploymentPostprocessing = 0;
		};
		2232D3672B95569F00804F81 /* Resources */ = {
			isa = PBXResourcesBuildPhase;
			buildActionMask = 2147483647;
			files = (
			);
			runOnlyForDeploymentPostprocessing = 0;
		};
/* End PBXResourcesBuildPhase section */

/* Begin PBXSourcesBuildPhase section */
		2232D34C2B95569D00804F81 /* Sources */ = {
			isa = PBXSourcesBuildPhase;
			buildActionMask = 2147483647;
			files = (
				228C6B2B2BA3159D0085DE54 /* StatisticData.swift in Sources */,
				228C6B322BA31B540085DE54 /* MainProfileCell.swift in Sources */,
				2232D3582B95569D00804F81 /* ViewController.swift in Sources */,
				228C6B362BA31BC50085DE54 /* StatisticViewController.swift in Sources */,
				2232D3542B95569D00804F81 /* AppDelegate.swift in Sources */,
				22408BA12C48F52A003ABF30 /* ViewModel.swift in Sources */,
				228C6B302BA31B2B0085DE54 /* PoolInfoCell.swift in Sources */,
				227C0F9B2C43B5E9006D42FB /* PoolInfo.swift in Sources */,
				2232D3BF2B96AD0F00804F81 /* TrainingTableModel.swift in Sources */,
				222CC0772C5A2CE10069C1B5 /* ArticleModel.swift in Sources */,
				228C6B282BA30CC40085DE54 /* ViewController+CollectionViewLayout.swift in Sources */,
				2232D3C12B96B87B00804F81 /* HealthData.swift in Sources */,
				2257541A2C7DA29B001DE328 /* LocationManager.swift in Sources */,
				2232D35E2B95569D00804F81 /* Gliding.xcdatamodeld in Sources */,
				222CC07E2C5D19EA0069C1B5 /* MainTabBarController.swift in Sources */,
				2232D3562B95569D00804F81 /* SceneDelegate.swift in Sources */,
				22408B9F2C48F32D003ABF30 /* HomeViewModel.swift in Sources */,
				222CC0752C58CE940069C1B5 /* ShareModel.swift in Sources */,
				222CC0792C5A31900069C1B5 /* TrainingDatabase.swift in Sources */,
				228C6B2E2BA31B010085DE54 /* SwimTipCell.swift in Sources */,
			);
			runOnlyForDeploymentPostprocessing = 0;
		};
		2232D3652B95569F00804F81 /* Sources */ = {
			isa = PBXSourcesBuildPhase;
			buildActionMask = 2147483647;
			files = (
				2232D36E2B95569F00804F81 /* GlidingTests.swift in Sources */,
			);
			runOnlyForDeploymentPostprocessing = 0;
		};
/* End PBXSourcesBuildPhase section */

/* Begin PBXTargetDependency section */
		2232D36B2B95569F00804F81 /* PBXTargetDependency */ = {
			isa = PBXTargetDependency;
			target = 2232D34F2B95569D00804F81 /* Gliding */;
			targetProxy = 2232D36A2B95569F00804F81 /* PBXContainerItemProxy */;
		};
/* End PBXTargetDependency section */

/* Begin PBXVariantGroup section */
		2232D3612B95569F00804F81 /* LaunchScreen.storyboard */ = {
			isa = PBXVariantGroup;
			children = (
				2232D3622B95569F00804F81 /* Base */,
			);
			name = LaunchScreen.storyboard;
			sourceTree = "<group>";
		};
/* End PBXVariantGroup section */

/* Begin XCBuildConfiguration section */
		2232D37B2B95569F00804F81 /* Debug */ = {
			isa = XCBuildConfiguration;
			buildSettings = {
				ALWAYS_SEARCH_USER_PATHS = NO;
				ASSETCATALOG_COMPILER_GENERATE_SWIFT_ASSET_SYMBOL_EXTENSIONS = YES;
				CLANG_ANALYZER_NONNULL = YES;
				CLANG_ANALYZER_NUMBER_OBJECT_CONVERSION = YES_AGGRESSIVE;
				CLANG_CXX_LANGUAGE_STANDARD = "gnu++20";
				CLANG_ENABLE_MODULES = YES;
				CLANG_ENABLE_OBJC_ARC = YES;
				CLANG_ENABLE_OBJC_WEAK = YES;
				CLANG_WARN_BLOCK_CAPTURE_AUTORELEASING = YES;
				CLANG_WARN_BOOL_CONVERSION = YES;
				CLANG_WARN_COMMA = YES;
				CLANG_WARN_CONSTANT_CONVERSION = YES;
				CLANG_WARN_DEPRECATED_OBJC_IMPLEMENTATIONS = YES;
				CLANG_WARN_DIRECT_OBJC_ISA_USAGE = YES_ERROR;
				CLANG_WARN_DOCUMENTATION_COMMENTS = YES;
				CLANG_WARN_EMPTY_BODY = YES;
				CLANG_WARN_ENUM_CONVERSION = YES;
				CLANG_WARN_INFINITE_RECURSION = YES;
				CLANG_WARN_INT_CONVERSION = YES;
				CLANG_WARN_NON_LITERAL_NULL_CONVERSION = YES;
				CLANG_WARN_OBJC_IMPLICIT_RETAIN_SELF = YES;
				CLANG_WARN_OBJC_LITERAL_CONVERSION = YES;
				CLANG_WARN_OBJC_ROOT_CLASS = YES_ERROR;
				CLANG_WARN_QUOTED_INCLUDE_IN_FRAMEWORK_HEADER = YES;
				CLANG_WARN_RANGE_LOOP_ANALYSIS = YES;
				CLANG_WARN_STRICT_PROTOTYPES = YES;
				CLANG_WARN_SUSPICIOUS_MOVE = YES;
				CLANG_WARN_UNGUARDED_AVAILABILITY = YES_AGGRESSIVE;
				CLANG_WARN_UNREACHABLE_CODE = YES;
				CLANG_WARN__DUPLICATE_METHOD_MATCH = YES;
				COPY_PHASE_STRIP = NO;
				DEBUG_INFORMATION_FORMAT = dwarf;
				ENABLE_STRICT_OBJC_MSGSEND = YES;
				ENABLE_TESTABILITY = YES;
				ENABLE_USER_SCRIPT_SANDBOXING = YES;
				GCC_C_LANGUAGE_STANDARD = gnu17;
				GCC_DYNAMIC_NO_PIC = NO;
				GCC_NO_COMMON_BLOCKS = YES;
				GCC_OPTIMIZATION_LEVEL = 0;
				GCC_PREPROCESSOR_DEFINITIONS = (
					"DEBUG=1",
					"$(inherited)",
				);
				GCC_WARN_64_TO_32_BIT_CONVERSION = YES;
				GCC_WARN_ABOUT_RETURN_TYPE = YES_ERROR;
				GCC_WARN_UNDECLARED_SELECTOR = YES;
				GCC_WARN_UNINITIALIZED_AUTOS = YES_AGGRESSIVE;
				GCC_WARN_UNUSED_FUNCTION = YES;
				GCC_WARN_UNUSED_VARIABLE = YES;
				IPHONEOS_DEPLOYMENT_TARGET = 17.2;
				LOCALIZATION_PREFERS_STRING_CATALOGS = YES;
				MTL_ENABLE_DEBUG_INFO = INCLUDE_SOURCE;
				MTL_FAST_MATH = YES;
				ONLY_ACTIVE_ARCH = YES;
				SDKROOT = iphoneos;
				SWIFT_ACTIVE_COMPILATION_CONDITIONS = "DEBUG $(inherited)";
				SWIFT_OPTIMIZATION_LEVEL = "-Onone";
			};
			name = Debug;
		};
		2232D37C2B95569F00804F81 /* Release */ = {
			isa = XCBuildConfiguration;
			buildSettings = {
				ALWAYS_SEARCH_USER_PATHS = NO;
				ASSETCATALOG_COMPILER_GENERATE_SWIFT_ASSET_SYMBOL_EXTENSIONS = YES;
				CLANG_ANALYZER_NONNULL = YES;
				CLANG_ANALYZER_NUMBER_OBJECT_CONVERSION = YES_AGGRESSIVE;
				CLANG_CXX_LANGUAGE_STANDARD = "gnu++20";
				CLANG_ENABLE_MODULES = YES;
				CLANG_ENABLE_OBJC_ARC = YES;
				CLANG_ENABLE_OBJC_WEAK = YES;
				CLANG_WARN_BLOCK_CAPTURE_AUTORELEASING = YES;
				CLANG_WARN_BOOL_CONVERSION = YES;
				CLANG_WARN_COMMA = YES;
				CLANG_WARN_CONSTANT_CONVERSION = YES;
				CLANG_WARN_DEPRECATED_OBJC_IMPLEMENTATIONS = YES;
				CLANG_WARN_DIRECT_OBJC_ISA_USAGE = YES_ERROR;
				CLANG_WARN_DOCUMENTATION_COMMENTS = YES;
				CLANG_WARN_EMPTY_BODY = YES;
				CLANG_WARN_ENUM_CONVERSION = YES;
				CLANG_WARN_INFINITE_RECURSION = YES;
				CLANG_WARN_INT_CONVERSION = YES;
				CLANG_WARN_NON_LITERAL_NULL_CONVERSION = YES;
				CLANG_WARN_OBJC_IMPLICIT_RETAIN_SELF = YES;
				CLANG_WARN_OBJC_LITERAL_CONVERSION = YES;
				CLANG_WARN_OBJC_ROOT_CLASS = YES_ERROR;
				CLANG_WARN_QUOTED_INCLUDE_IN_FRAMEWORK_HEADER = YES;
				CLANG_WARN_RANGE_LOOP_ANALYSIS = YES;
				CLANG_WARN_STRICT_PROTOTYPES = YES;
				CLANG_WARN_SUSPICIOUS_MOVE = YES;
				CLANG_WARN_UNGUARDED_AVAILABILITY = YES_AGGRESSIVE;
				CLANG_WARN_UNREACHABLE_CODE = YES;
				CLANG_WARN__DUPLICATE_METHOD_MATCH = YES;
				COPY_PHASE_STRIP = NO;
				DEBUG_INFORMATION_FORMAT = "dwarf-with-dsym";
				ENABLE_NS_ASSERTIONS = NO;
				ENABLE_STRICT_OBJC_MSGSEND = YES;
				ENABLE_USER_SCRIPT_SANDBOXING = YES;
				GCC_C_LANGUAGE_STANDARD = gnu17;
				GCC_NO_COMMON_BLOCKS = YES;
				GCC_WARN_64_TO_32_BIT_CONVERSION = YES;
				GCC_WARN_ABOUT_RETURN_TYPE = YES_ERROR;
				GCC_WARN_UNDECLARED_SELECTOR = YES;
				GCC_WARN_UNINITIALIZED_AUTOS = YES_AGGRESSIVE;
				GCC_WARN_UNUSED_FUNCTION = YES;
				GCC_WARN_UNUSED_VARIABLE = YES;
				IPHONEOS_DEPLOYMENT_TARGET = 17.2;
				LOCALIZATION_PREFERS_STRING_CATALOGS = YES;
				MTL_ENABLE_DEBUG_INFO = NO;
				MTL_FAST_MATH = YES;
				SDKROOT = iphoneos;
				SWIFT_COMPILATION_MODE = wholemodule;
				VALIDATE_PRODUCT = YES;
			};
			name = Release;
		};
		2232D37E2B95569F00804F81 /* Debug */ = {
			isa = XCBuildConfiguration;
			buildSettings = {
				ASSETCATALOG_COMPILER_APPICON_NAME = AppIcon;
				ASSETCATALOG_COMPILER_GLOBAL_ACCENT_COLOR_NAME = AccentColor;
				CODE_SIGN_ENTITLEMENTS = Gliding/Gliding.entitlements;
				CODE_SIGN_STYLE = Automatic;
				CURRENT_PROJECT_VERSION = 1;
				DEVELOPMENT_TEAM = UUYBHY988H;
				GENERATE_INFOPLIST_FILE = YES;
				INFOPLIST_FILE = Gliding/Info.plist;
				INFOPLIST_KEY_UIApplicationSupportsIndirectInputEvents = YES;
				INFOPLIST_KEY_UILaunchStoryboardName = LaunchScreen;
				INFOPLIST_KEY_UIMainStoryboardFile = Main;
				INFOPLIST_KEY_UISupportedInterfaceOrientations_iPad = "UIInterfaceOrientationPortrait UIInterfaceOrientationPortraitUpsideDown UIInterfaceOrientationLandscapeLeft UIInterfaceOrientationLandscapeRight";
				INFOPLIST_KEY_UISupportedInterfaceOrientations_iPhone = "UIInterfaceOrientationPortrait UIInterfaceOrientationLandscapeLeft UIInterfaceOrientationLandscapeRight";
				LD_RUNPATH_SEARCH_PATHS = (
					"$(inherited)",
					"@executable_path/Frameworks",
				);
				MARKETING_VERSION = 1.0;
				PRODUCT_BUNDLE_IDENTIFIER = com.justhm.Gliding;
				PRODUCT_NAME = "$(TARGET_NAME)";
				SUPPORTED_PLATFORMS = "iphoneos iphonesimulator";
				SUPPORTS_MACCATALYST = NO;
				SUPPORTS_MAC_DESIGNED_FOR_IPHONE_IPAD = NO;
				SWIFT_EMIT_LOC_STRINGS = YES;
				SWIFT_VERSION = 5.0;
				TARGETED_DEVICE_FAMILY = "1,2";
			};
			name = Debug;
		};
		2232D37F2B95569F00804F81 /* Release */ = {
			isa = XCBuildConfiguration;
			buildSettings = {
				ASSETCATALOG_COMPILER_APPICON_NAME = AppIcon;
				ASSETCATALOG_COMPILER_GLOBAL_ACCENT_COLOR_NAME = AccentColor;
				CODE_SIGN_ENTITLEMENTS = Gliding/Gliding.entitlements;
				CODE_SIGN_STYLE = Automatic;
				CURRENT_PROJECT_VERSION = 1;
				DEVELOPMENT_TEAM = UUYBHY988H;
				GENERATE_INFOPLIST_FILE = YES;
				INFOPLIST_FILE = Gliding/Info.plist;
				INFOPLIST_KEY_UIApplicationSupportsIndirectInputEvents = YES;
				INFOPLIST_KEY_UILaunchStoryboardName = LaunchScreen;
				INFOPLIST_KEY_UIMainStoryboardFile = Main;
				INFOPLIST_KEY_UISupportedInterfaceOrientations_iPad = "UIInterfaceOrientationPortrait UIInterfaceOrientationPortraitUpsideDown UIInterfaceOrientationLandscapeLeft UIInterfaceOrientationLandscapeRight";
				INFOPLIST_KEY_UISupportedInterfaceOrientations_iPhone = "UIInterfaceOrientationPortrait UIInterfaceOrientationLandscapeLeft UIInterfaceOrientationLandscapeRight";
				LD_RUNPATH_SEARCH_PATHS = (
					"$(inherited)",
					"@executable_path/Frameworks",
				);
				MARKETING_VERSION = 1.0;
				PRODUCT_BUNDLE_IDENTIFIER = com.justhm.Gliding;
				PRODUCT_NAME = "$(TARGET_NAME)";
				SUPPORTED_PLATFORMS = "iphoneos iphonesimulator";
				SUPPORTS_MACCATALYST = NO;
				SUPPORTS_MAC_DESIGNED_FOR_IPHONE_IPAD = NO;
				SWIFT_EMIT_LOC_STRINGS = YES;
				SWIFT_VERSION = 5.0;
				TARGETED_DEVICE_FAMILY = "1,2";
			};
			name = Release;
		};
		2232D3812B95569F00804F81 /* Debug */ = {
			isa = XCBuildConfiguration;
			buildSettings = {
				ALWAYS_EMBED_SWIFT_STANDARD_LIBRARIES = YES;
				BUNDLE_LOADER = "$(TEST_HOST)";
				CODE_SIGN_STYLE = Automatic;
				CURRENT_PROJECT_VERSION = 1;
				DEVELOPMENT_TEAM = UUYBHY988H;
				GENERATE_INFOPLIST_FILE = YES;
				IPHONEOS_DEPLOYMENT_TARGET = 17.2;
				MARKETING_VERSION = 1.0;
				PRODUCT_BUNDLE_IDENTIFIER = com.justhm.GlidingTests;
				PRODUCT_NAME = "$(TARGET_NAME)";
				SWIFT_EMIT_LOC_STRINGS = NO;
				SWIFT_VERSION = 5.0;
				TARGETED_DEVICE_FAMILY = "1,2";
				TEST_HOST = "$(BUILT_PRODUCTS_DIR)/Gliding.app/$(BUNDLE_EXECUTABLE_FOLDER_PATH)/Gliding";
			};
			name = Debug;
		};
		2232D3822B95569F00804F81 /* Release */ = {
			isa = XCBuildConfiguration;
			buildSettings = {
				ALWAYS_EMBED_SWIFT_STANDARD_LIBRARIES = YES;
				BUNDLE_LOADER = "$(TEST_HOST)";
				CODE_SIGN_STYLE = Automatic;
				CURRENT_PROJECT_VERSION = 1;
				DEVELOPMENT_TEAM = UUYBHY988H;
				GENERATE_INFOPLIST_FILE = YES;
				IPHONEOS_DEPLOYMENT_TARGET = 17.2;
				MARKETING_VERSION = 1.0;
				PRODUCT_BUNDLE_IDENTIFIER = com.justhm.GlidingTests;
				PRODUCT_NAME = "$(TARGET_NAME)";
				SWIFT_EMIT_LOC_STRINGS = NO;
				SWIFT_VERSION = 5.0;
				TARGETED_DEVICE_FAMILY = "1,2";
				TEST_HOST = "$(BUILT_PRODUCTS_DIR)/Gliding.app/$(BUNDLE_EXECUTABLE_FOLDER_PATH)/Gliding";
			};
			name = Release;
		};
/* End XCBuildConfiguration section */

/* Begin XCConfigurationList section */
		2232D34B2B95569D00804F81 /* Build configuration list for PBXProject "Gliding" */ = {
			isa = XCConfigurationList;
			buildConfigurations = (
				2232D37B2B95569F00804F81 /* Debug */,
				2232D37C2B95569F00804F81 /* Release */,
			);
			defaultConfigurationIsVisible = 0;
			defaultConfigurationName = Release;
		};
		2232D37D2B95569F00804F81 /* Build configuration list for PBXNativeTarget "Gliding" */ = {
			isa = XCConfigurationList;
			buildConfigurations = (
				2232D37E2B95569F00804F81 /* Debug */,
				2232D37F2B95569F00804F81 /* Release */,
			);
			defaultConfigurationIsVisible = 0;
			defaultConfigurationName = Release;
		};
		2232D3802B95569F00804F81 /* Build configuration list for PBXNativeTarget "GlidingTests" */ = {
			isa = XCConfigurationList;
			buildConfigurations = (
				2232D3812B95569F00804F81 /* Debug */,
				2232D3822B95569F00804F81 /* Release */,
			);
			defaultConfigurationIsVisible = 0;
			defaultConfigurationName = Release;
		};
/* End XCConfigurationList section */

/* Begin XCRemoteSwiftPackageReference section */
		2207E24B2C44F2A7005A4FCA /* XCRemoteSwiftPackageReference "SnapKit" */ = {
			isa = XCRemoteSwiftPackageReference;
			repositoryURL = "https://github.com/SnapKit/SnapKit";
			requirement = {
				kind = upToNextMajorVersion;
				minimumVersion = 5.7.1;
			};
		};
		227C0F8F2C439168006D42FB /* XCRemoteSwiftPackageReference "RxSwift" */ = {
			isa = XCRemoteSwiftPackageReference;
			repositoryURL = "https://github.com/ReactiveX/RxSwift";
			requirement = {
				kind = upToNextMajorVersion;
				minimumVersion = 6.7.1;
			};
		};
/* End XCRemoteSwiftPackageReference section */

/* Begin XCSwiftPackageProductDependency section */
		2207E24C2C44F2A7005A4FCA /* SnapKit */ = {
			isa = XCSwiftPackageProductDependency;
			package = 2207E24B2C44F2A7005A4FCA /* XCRemoteSwiftPackageReference "SnapKit" */;
			productName = SnapKit;
		};
		227C0F902C439168006D42FB /* RxBlocking */ = {
			isa = XCSwiftPackageProductDependency;
			package = 227C0F8F2C439168006D42FB /* XCRemoteSwiftPackageReference "RxSwift" */;
			productName = RxBlocking;
		};
		227C0F922C439168006D42FB /* RxCocoa */ = {
			isa = XCSwiftPackageProductDependency;
			package = 227C0F8F2C439168006D42FB /* XCRemoteSwiftPackageReference "RxSwift" */;
			productName = RxCocoa;
		};
		227C0F942C439168006D42FB /* RxRelay */ = {
			isa = XCSwiftPackageProductDependency;
			package = 227C0F8F2C439168006D42FB /* XCRemoteSwiftPackageReference "RxSwift" */;
			productName = RxRelay;
		};
		227C0F962C439168006D42FB /* RxSwift */ = {
			isa = XCSwiftPackageProductDependency;
			package = 227C0F8F2C439168006D42FB /* XCRemoteSwiftPackageReference "RxSwift" */;
			productName = RxSwift;
		};
		227C0F982C439168006D42FB /* RxTest */ = {
			isa = XCSwiftPackageProductDependency;
			package = 227C0F8F2C439168006D42FB /* XCRemoteSwiftPackageReference "RxSwift" */;
			productName = RxTest;
		};
/* End XCSwiftPackageProductDependency section */

/* Begin XCVersionGroup section */
		2232D35C2B95569D00804F81 /* Gliding.xcdatamodeld */ = {
			isa = XCVersionGroup;
			children = (
				2232D35D2B95569D00804F81 /* Gliding.xcdatamodel */,
			);
			currentVersion = 2232D35D2B95569D00804F81 /* Gliding.xcdatamodel */;
			path = Gliding.xcdatamodeld;
			sourceTree = "<group>";
			versionGroupType = wrapper.xcdatamodel;
		};
/* End XCVersionGroup section */
	};
	rootObject = 2232D3482B95569D00804F81 /* Project object */;
}
