// !$*UTF8*$!
{
	archiveVersion = 1;
	classes = {
	};
	objectVersion = 56;
	objects = {

/* Begin PBXBuildFile section */
		2232D3542B95569D00804F81 /* AppDelegate.swift in Sources */ = {isa = PBXBuildFile; fileRef = 2232D3532B95569D00804F81 /* AppDelegate.swift */; };
		2232D3562B95569D00804F81 /* SceneDelegate.swift in Sources */ = {isa = PBXBuildFile; fileRef = 2232D3552B95569D00804F81 /* SceneDelegate.swift */; };
		2232D3582B95569D00804F81 /* ViewController.swift in Sources */ = {isa = PBXBuildFile; fileRef = 2232D3572B95569D00804F81 /* ViewController.swift */; };
		2232D35B2B95569D00804F81 /* Main.storyboard in Resources */ = {isa = PBXBuildFile; fileRef = 2232D3592B95569D00804F81 /* Main.storyboard */; };
		2232D35E2B95569D00804F81 /* Gliding.xcdatamodeld in Sources */ = {isa = PBXBuildFile; fileRef = 2232D35C2B95569D00804F81 /* Gliding.xcdatamodeld */; };
		2232D3602B95569F00804F81 /* Assets.xcassets in Resources */ = {isa = PBXBuildFile; fileRef = 2232D35F2B95569F00804F81 /* Assets.xcassets */; };
		2232D3632B95569F00804F81 /* LaunchScreen.storyboard in Resources */ = {isa = PBXBuildFile; fileRef = 2232D3612B95569F00804F81 /* LaunchScreen.storyboard */; };
		2232D36E2B95569F00804F81 /* GlidingTests.swift in Sources */ = {isa = PBXBuildFile; fileRef = 2232D36D2B95569F00804F81 /* GlidingTests.swift */; };
		2232D3782B95569F00804F81 /* GlidingUITests.swift in Sources */ = {isa = PBXBuildFile; fileRef = 2232D3772B95569F00804F81 /* GlidingUITests.swift */; };
		2232D37A2B95569F00804F81 /* GlidingUITestsLaunchTests.swift in Sources */ = {isa = PBXBuildFile; fileRef = 2232D3792B95569F00804F81 /* GlidingUITestsLaunchTests.swift */; };
		2232D38D2B95573500804F81 /* Gliding_watchappApp.swift in Sources */ = {isa = PBXBuildFile; fileRef = 2232D38C2B95573500804F81 /* Gliding_watchappApp.swift */; };
		2232D38F2B95573500804F81 /* ContentView.swift in Sources */ = {isa = PBXBuildFile; fileRef = 2232D38E2B95573500804F81 /* ContentView.swift */; };
		2232D3912B95573600804F81 /* Assets.xcassets in Resources */ = {isa = PBXBuildFile; fileRef = 2232D3902B95573600804F81 /* Assets.xcassets */; };
		2232D3942B95573600804F81 /* Preview Assets.xcassets in Resources */ = {isa = PBXBuildFile; fileRef = 2232D3932B95573600804F81 /* Preview Assets.xcassets */; };
		2232D39E2B95573700804F81 /* Gliding_watchapp_Watch_AppTests.swift in Sources */ = {isa = PBXBuildFile; fileRef = 2232D39D2B95573700804F81 /* Gliding_watchapp_Watch_AppTests.swift */; };
		2232D3A82B95573700804F81 /* Gliding_watchapp_Watch_AppUITests.swift in Sources */ = {isa = PBXBuildFile; fileRef = 2232D3A72B95573700804F81 /* Gliding_watchapp_Watch_AppUITests.swift */; };
		2232D3AA2B95573700804F81 /* Gliding_watchapp_Watch_AppUITestsLaunchTests.swift in Sources */ = {isa = PBXBuildFile; fileRef = 2232D3A92B95573700804F81 /* Gliding_watchapp_Watch_AppUITestsLaunchTests.swift */; };
		2232D3AD2B95573700804F81 /* Gliding-watchapp Watch App.app in Embed Watch Content */ = {isa = PBXBuildFile; fileRef = 2232D38A2B95573500804F81 /* Gliding-watchapp Watch App.app */; settings = {ATTRIBUTES = (RemoveHeadersOnCopy, ); }; };
		2232D3B92B955BF100804F81 /* PresetListCell.swift in Sources */ = {isa = PBXBuildFile; fileRef = 2232D3B82B955BF100804F81 /* PresetListCell.swift */; };
		2232D3BB2B955DC400804F81 /* PresetDetailView.swift in Sources */ = {isa = PBXBuildFile; fileRef = 2232D3BA2B955DC400804F81 /* PresetDetailView.swift */; };
		2232D3BD2B95779C00804F81 /* SwimComponentView.swift in Sources */ = {isa = PBXBuildFile; fileRef = 2232D3BC2B95779C00804F81 /* SwimComponentView.swift */; };
		2232D3BF2B96AD0F00804F81 /* SwimComponentModel.swift in Sources */ = {isa = PBXBuildFile; fileRef = 2232D3BE2B96AD0F00804F81 /* SwimComponentModel.swift */; };
		2232D3C12B96B87B00804F81 /* HealthData.swift in Sources */ = {isa = PBXBuildFile; fileRef = 2232D3C02B96B87B00804F81 /* HealthData.swift */; };
		225047A02BE1268A00B8DE22 /* WorkoutListCell.swift in Sources */ = {isa = PBXBuildFile; fileRef = 2250479F2BE1268A00B8DE22 /* WorkoutListCell.swift */; };
		228C6B282BA30CC40085DE54 /* ViewController+CollectionViewLayout.swift in Sources */ = {isa = PBXBuildFile; fileRef = 228C6B272BA30CC40085DE54 /* ViewController+CollectionViewLayout.swift */; };
		228C6B2B2BA3159D0085DE54 /* StatisticData.swift in Sources */ = {isa = PBXBuildFile; fileRef = 228C6B2A2BA3159D0085DE54 /* StatisticData.swift */; };
		228C6B2E2BA31B010085DE54 /* TrainingMenuCell.swift in Sources */ = {isa = PBXBuildFile; fileRef = 228C6B2D2BA31B010085DE54 /* TrainingMenuCell.swift */; };
		228C6B302BA31B2B0085DE54 /* PoolInfoCell.swift in Sources */ = {isa = PBXBuildFile; fileRef = 228C6B2F2BA31B2B0085DE54 /* PoolInfoCell.swift */; };
		228C6B322BA31B540085DE54 /* SimpleStatisticCell.swift in Sources */ = {isa = PBXBuildFile; fileRef = 228C6B312BA31B540085DE54 /* SimpleStatisticCell.swift */; };
		228C6B362BA31BC50085DE54 /* StatisticViewController.swift in Sources */ = {isa = PBXBuildFile; fileRef = 228C6B352BA31BC50085DE54 /* StatisticViewController.swift */; };
/* End PBXBuildFile section */

/* Begin PBXContainerItemProxy section */
		2232D36A2B95569F00804F81 /* PBXContainerItemProxy */ = {
			isa = PBXContainerItemProxy;
			containerPortal = 2232D3482B95569D00804F81 /* Project object */;
			proxyType = 1;
			remoteGlobalIDString = 2232D34F2B95569D00804F81;
			remoteInfo = Gliding;
		};
		2232D3742B95569F00804F81 /* PBXContainerItemProxy */ = {
			isa = PBXContainerItemProxy;
			containerPortal = 2232D3482B95569D00804F81 /* Project object */;
			proxyType = 1;
			remoteGlobalIDString = 2232D34F2B95569D00804F81;
			remoteInfo = Gliding;
		};
		2232D39A2B95573700804F81 /* PBXContainerItemProxy */ = {
			isa = PBXContainerItemProxy;
			containerPortal = 2232D3482B95569D00804F81 /* Project object */;
			proxyType = 1;
			remoteGlobalIDString = 2232D3892B95573500804F81;
			remoteInfo = "Gliding-watchapp Watch App";
		};
		2232D3A42B95573700804F81 /* PBXContainerItemProxy */ = {
			isa = PBXContainerItemProxy;
			containerPortal = 2232D3482B95569D00804F81 /* Project object */;
			proxyType = 1;
			remoteGlobalIDString = 2232D3892B95573500804F81;
			remoteInfo = "Gliding-watchapp Watch App";
		};
		2232D3AB2B95573700804F81 /* PBXContainerItemProxy */ = {
			isa = PBXContainerItemProxy;
			containerPortal = 2232D3482B95569D00804F81 /* Project object */;
			proxyType = 1;
			remoteGlobalIDString = 2232D3892B95573500804F81;
			remoteInfo = "Gliding-watchapp Watch App";
		};
/* End PBXContainerItemProxy section */

/* Begin PBXCopyFilesBuildPhase section */
		2232D3B12B95573700804F81 /* Embed Watch Content */ = {
			isa = PBXCopyFilesBuildPhase;
			buildActionMask = 2147483647;
			dstPath = "$(CONTENTS_FOLDER_PATH)/Watch";
			dstSubfolderSpec = 16;
			files = (
				2232D3AD2B95573700804F81 /* Gliding-watchapp Watch App.app in Embed Watch Content */,
			);
			name = "Embed Watch Content";
			runOnlyForDeploymentPostprocessing = 0;
		};
/* End PBXCopyFilesBuildPhase section */

/* Begin PBXFileReference section */
		2232D3502B95569D00804F81 /* Gliding.app */ = {isa = PBXFileReference; explicitFileType = wrapper.application; includeInIndex = 0; path = Gliding.app; sourceTree = BUILT_PRODUCTS_DIR; };
		2232D3532B95569D00804F81 /* AppDelegate.swift */ = {isa = PBXFileReference; lastKnownFileType = sourcecode.swift; path = AppDelegate.swift; sourceTree = "<group>"; };
		2232D3552B95569D00804F81 /* SceneDelegate.swift */ = {isa = PBXFileReference; lastKnownFileType = sourcecode.swift; path = SceneDelegate.swift; sourceTree = "<group>"; };
		2232D3572B95569D00804F81 /* ViewController.swift */ = {isa = PBXFileReference; lastKnownFileType = sourcecode.swift; path = ViewController.swift; sourceTree = "<group>"; };
		2232D35A2B95569D00804F81 /* Base */ = {isa = PBXFileReference; lastKnownFileType = file.storyboard; name = Base; path = Base.lproj/Main.storyboard; sourceTree = "<group>"; };
		2232D35D2B95569D00804F81 /* Gliding.xcdatamodel */ = {isa = PBXFileReference; lastKnownFileType = wrapper.xcdatamodel; path = Gliding.xcdatamodel; sourceTree = "<group>"; };
		2232D35F2B95569F00804F81 /* Assets.xcassets */ = {isa = PBXFileReference; lastKnownFileType = folder.assetcatalog; path = Assets.xcassets; sourceTree = "<group>"; };
		2232D3622B95569F00804F81 /* Base */ = {isa = PBXFileReference; lastKnownFileType = file.storyboard; name = Base; path = Base.lproj/LaunchScreen.storyboard; sourceTree = "<group>"; };
		2232D3642B95569F00804F81 /* Info.plist */ = {isa = PBXFileReference; lastKnownFileType = text.plist.xml; path = Info.plist; sourceTree = "<group>"; };
		2232D3692B95569F00804F81 /* GlidingTests.xctest */ = {isa = PBXFileReference; explicitFileType = wrapper.cfbundle; includeInIndex = 0; path = GlidingTests.xctest; sourceTree = BUILT_PRODUCTS_DIR; };
		2232D36D2B95569F00804F81 /* GlidingTests.swift */ = {isa = PBXFileReference; lastKnownFileType = sourcecode.swift; path = GlidingTests.swift; sourceTree = "<group>"; };
		2232D3732B95569F00804F81 /* GlidingUITests.xctest */ = {isa = PBXFileReference; explicitFileType = wrapper.cfbundle; includeInIndex = 0; path = GlidingUITests.xctest; sourceTree = BUILT_PRODUCTS_DIR; };
		2232D3772B95569F00804F81 /* GlidingUITests.swift */ = {isa = PBXFileReference; lastKnownFileType = sourcecode.swift; path = GlidingUITests.swift; sourceTree = "<group>"; };
		2232D3792B95569F00804F81 /* GlidingUITestsLaunchTests.swift */ = {isa = PBXFileReference; lastKnownFileType = sourcecode.swift; path = GlidingUITestsLaunchTests.swift; sourceTree = "<group>"; };
		2232D38A2B95573500804F81 /* Gliding-watchapp Watch App.app */ = {isa = PBXFileReference; explicitFileType = wrapper.application; includeInIndex = 0; path = "Gliding-watchapp Watch App.app"; sourceTree = BUILT_PRODUCTS_DIR; };
		2232D38C2B95573500804F81 /* Gliding_watchappApp.swift */ = {isa = PBXFileReference; lastKnownFileType = sourcecode.swift; path = Gliding_watchappApp.swift; sourceTree = "<group>"; };
		2232D38E2B95573500804F81 /* ContentView.swift */ = {isa = PBXFileReference; lastKnownFileType = sourcecode.swift; path = ContentView.swift; sourceTree = "<group>"; };
		2232D3902B95573600804F81 /* Assets.xcassets */ = {isa = PBXFileReference; lastKnownFileType = folder.assetcatalog; path = Assets.xcassets; sourceTree = "<group>"; };
		2232D3932B95573600804F81 /* Preview Assets.xcassets */ = {isa = PBXFileReference; lastKnownFileType = folder.assetcatalog; path = "Preview Assets.xcassets"; sourceTree = "<group>"; };
		2232D3992B95573700804F81 /* Gliding-watchapp Watch AppTests.xctest */ = {isa = PBXFileReference; explicitFileType = wrapper.cfbundle; includeInIndex = 0; path = "Gliding-watchapp Watch AppTests.xctest"; sourceTree = BUILT_PRODUCTS_DIR; };
		2232D39D2B95573700804F81 /* Gliding_watchapp_Watch_AppTests.swift */ = {isa = PBXFileReference; lastKnownFileType = sourcecode.swift; path = Gliding_watchapp_Watch_AppTests.swift; sourceTree = "<group>"; };
		2232D3A32B95573700804F81 /* Gliding-watchapp Watch AppUITests.xctest */ = {isa = PBXFileReference; explicitFileType = wrapper.cfbundle; includeInIndex = 0; path = "Gliding-watchapp Watch AppUITests.xctest"; sourceTree = BUILT_PRODUCTS_DIR; };
		2232D3A72B95573700804F81 /* Gliding_watchapp_Watch_AppUITests.swift */ = {isa = PBXFileReference; lastKnownFileType = sourcecode.swift; path = Gliding_watchapp_Watch_AppUITests.swift; sourceTree = "<group>"; };
		2232D3A92B95573700804F81 /* Gliding_watchapp_Watch_AppUITestsLaunchTests.swift */ = {isa = PBXFileReference; lastKnownFileType = sourcecode.swift; path = Gliding_watchapp_Watch_AppUITestsLaunchTests.swift; sourceTree = "<group>"; };
		2232D3B82B955BF100804F81 /* PresetListCell.swift */ = {isa = PBXFileReference; lastKnownFileType = sourcecode.swift; path = PresetListCell.swift; sourceTree = "<group>"; };
		2232D3BA2B955DC400804F81 /* PresetDetailView.swift */ = {isa = PBXFileReference; lastKnownFileType = sourcecode.swift; path = PresetDetailView.swift; sourceTree = "<group>"; };
		2232D3BC2B95779C00804F81 /* SwimComponentView.swift */ = {isa = PBXFileReference; lastKnownFileType = sourcecode.swift; path = SwimComponentView.swift; sourceTree = "<group>"; };
		2232D3BE2B96AD0F00804F81 /* SwimComponentModel.swift */ = {isa = PBXFileReference; lastKnownFileType = sourcecode.swift; path = SwimComponentModel.swift; sourceTree = "<group>"; };
		2232D3C02B96B87B00804F81 /* HealthData.swift */ = {isa = PBXFileReference; lastKnownFileType = sourcecode.swift; path = HealthData.swift; sourceTree = "<group>"; };
		2232D3C22B96BB2700804F81 /* Gliding.entitlements */ = {isa = PBXFileReference; lastKnownFileType = text.plist.entitlements; path = Gliding.entitlements; sourceTree = "<group>"; };
		2232D3C32B96BBB600804F81 /* Gliding-watchapp Watch App.entitlements */ = {isa = PBXFileReference; lastKnownFileType = text.plist.entitlements; path = "Gliding-watchapp Watch App.entitlements"; sourceTree = "<group>"; };
		2250479F2BE1268A00B8DE22 /* WorkoutListCell.swift */ = {isa = PBXFileReference; lastKnownFileType = sourcecode.swift; path = WorkoutListCell.swift; sourceTree = "<group>"; };
		228C6B272BA30CC40085DE54 /* ViewController+CollectionViewLayout.swift */ = {isa = PBXFileReference; lastKnownFileType = sourcecode.swift; path = "ViewController+CollectionViewLayout.swift"; sourceTree = "<group>"; };
		228C6B2A2BA3159D0085DE54 /* StatisticData.swift */ = {isa = PBXFileReference; lastKnownFileType = sourcecode.swift; path = StatisticData.swift; sourceTree = "<group>"; };
		228C6B2D2BA31B010085DE54 /* TrainingMenuCell.swift */ = {isa = PBXFileReference; lastKnownFileType = sourcecode.swift; path = TrainingMenuCell.swift; sourceTree = "<group>"; };
		228C6B2F2BA31B2B0085DE54 /* PoolInfoCell.swift */ = {isa = PBXFileReference; lastKnownFileType = sourcecode.swift; path = PoolInfoCell.swift; sourceTree = "<group>"; };
		228C6B312BA31B540085DE54 /* SimpleStatisticCell.swift */ = {isa = PBXFileReference; lastKnownFileType = sourcecode.swift; path = SimpleStatisticCell.swift; sourceTree = "<group>"; };
		228C6B352BA31BC50085DE54 /* StatisticViewController.swift */ = {isa = PBXFileReference; lastKnownFileType = sourcecode.swift; path = StatisticViewController.swift; sourceTree = "<group>"; };
/* End PBXFileReference section */

/* Begin PBXFrameworksBuildPhase section */
		2232D34D2B95569D00804F81 /* Frameworks */ = {
			isa = PBXFrameworksBuildPhase;
			buildActionMask = 2147483647;
			files = (
			);
			runOnlyForDeploymentPostprocessing = 0;
		};
		2232D3662B95569F00804F81 /* Frameworks */ = {
			isa = PBXFrameworksBuildPhase;
			buildActionMask = 2147483647;
			files = (
			);
			runOnlyForDeploymentPostprocessing = 0;
		};
		2232D3702B95569F00804F81 /* Frameworks */ = {
			isa = PBXFrameworksBuildPhase;
			buildActionMask = 2147483647;
			files = (
			);
			runOnlyForDeploymentPostprocessing = 0;
		};
		2232D3872B95573500804F81 /* Frameworks */ = {
			isa = PBXFrameworksBuildPhase;
			buildActionMask = 2147483647;
			files = (
			);
			runOnlyForDeploymentPostprocessing = 0;
		};
		2232D3962B95573700804F81 /* Frameworks */ = {
			isa = PBXFrameworksBuildPhase;
			buildActionMask = 2147483647;
			files = (
			);
			runOnlyForDeploymentPostprocessing = 0;
		};
		2232D3A02B95573700804F81 /* Frameworks */ = {
			isa = PBXFrameworksBuildPhase;
			buildActionMask = 2147483647;
			files = (
			);
			runOnlyForDeploymentPostprocessing = 0;
		};
/* End PBXFrameworksBuildPhase section */

/* Begin PBXGroup section */
		2232D3472B95569D00804F81 = {
			isa = PBXGroup;
			children = (
				2232D3522B95569D00804F81 /* Gliding */,
				2232D36C2B95569F00804F81 /* GlidingTests */,
				2232D3762B95569F00804F81 /* GlidingUITests */,
				2232D38B2B95573500804F81 /* Gliding-watchapp Watch App */,
				2232D39C2B95573700804F81 /* Gliding-watchapp Watch AppTests */,
				2232D3A62B95573700804F81 /* Gliding-watchapp Watch AppUITests */,
				2232D3512B95569D00804F81 /* Products */,
			);
			sourceTree = "<group>";
		};
		2232D3512B95569D00804F81 /* Products */ = {
			isa = PBXGroup;
			children = (
				2232D3502B95569D00804F81 /* Gliding.app */,
				2232D3692B95569F00804F81 /* GlidingTests.xctest */,
				2232D3732B95569F00804F81 /* GlidingUITests.xctest */,
				2232D38A2B95573500804F81 /* Gliding-watchapp Watch App.app */,
				2232D3992B95573700804F81 /* Gliding-watchapp Watch AppTests.xctest */,
				2232D3A32B95573700804F81 /* Gliding-watchapp Watch AppUITests.xctest */,
			);
			name = Products;
			sourceTree = "<group>";
		};
		2232D3522B95569D00804F81 /* Gliding */ = {
			isa = PBXGroup;
			children = (
				228C6B342BA31B9E0085DE54 /* StatisticScene */,
				228C6B332BA31B710085DE54 /* Model */,
				2232D3C22B96BB2700804F81 /* Gliding.entitlements */,
				2232D3532B95569D00804F81 /* AppDelegate.swift */,
				2232D3552B95569D00804F81 /* SceneDelegate.swift */,
				228C6B292BA3155C0085DE54 /* HomeScene */,
				2232D3592B95569D00804F81 /* Main.storyboard */,
				2232D35F2B95569F00804F81 /* Assets.xcassets */,
				2232D3612B95569F00804F81 /* LaunchScreen.storyboard */,
				2232D3642B95569F00804F81 /* Info.plist */,
				2232D35C2B95569D00804F81 /* Gliding.xcdatamodeld */,
				2232D3C02B96B87B00804F81 /* HealthData.swift */,
				2250479F2BE1268A00B8DE22 /* WorkoutListCell.swift */,
			);
			path = Gliding;
			sourceTree = "<group>";
		};
		2232D36C2B95569F00804F81 /* GlidingTests */ = {
			isa = PBXGroup;
			children = (
				2232D36D2B95569F00804F81 /* GlidingTests.swift */,
			);
			path = GlidingTests;
			sourceTree = "<group>";
		};
		2232D3762B95569F00804F81 /* GlidingUITests */ = {
			isa = PBXGroup;
			children = (
				2232D3772B95569F00804F81 /* GlidingUITests.swift */,
				2232D3792B95569F00804F81 /* GlidingUITestsLaunchTests.swift */,
			);
			path = GlidingUITests;
			sourceTree = "<group>";
		};
		2232D38B2B95573500804F81 /* Gliding-watchapp Watch App */ = {
			isa = PBXGroup;
			children = (
				2232D3C32B96BBB600804F81 /* Gliding-watchapp Watch App.entitlements */,
				2232D38C2B95573500804F81 /* Gliding_watchappApp.swift */,
				2232D38E2B95573500804F81 /* ContentView.swift */,
				2232D3BA2B955DC400804F81 /* PresetDetailView.swift */,
				2232D3BC2B95779C00804F81 /* SwimComponentView.swift */,
				2232D3B82B955BF100804F81 /* PresetListCell.swift */,
				2232D3902B95573600804F81 /* Assets.xcassets */,
				2232D3922B95573600804F81 /* Preview Content */,
			);
			path = "Gliding-watchapp Watch App";
			sourceTree = "<group>";
		};
		2232D3922B95573600804F81 /* Preview Content */ = {
			isa = PBXGroup;
			children = (
				2232D3932B95573600804F81 /* Preview Assets.xcassets */,
			);
			path = "Preview Content";
			sourceTree = "<group>";
		};
		2232D39C2B95573700804F81 /* Gliding-watchapp Watch AppTests */ = {
			isa = PBXGroup;
			children = (
				2232D39D2B95573700804F81 /* Gliding_watchapp_Watch_AppTests.swift */,
			);
			path = "Gliding-watchapp Watch AppTests";
			sourceTree = "<group>";
		};
		2232D3A62B95573700804F81 /* Gliding-watchapp Watch AppUITests */ = {
			isa = PBXGroup;
			children = (
				2232D3A72B95573700804F81 /* Gliding_watchapp_Watch_AppUITests.swift */,
				2232D3A92B95573700804F81 /* Gliding_watchapp_Watch_AppUITestsLaunchTests.swift */,
			);
			path = "Gliding-watchapp Watch AppUITests";
			sourceTree = "<group>";
		};
		228C6B292BA3155C0085DE54 /* HomeScene */ = {
			isa = PBXGroup;
			children = (
				228C6B2C2BA31AD60085DE54 /* Cells */,
				2232D3572B95569D00804F81 /* ViewController.swift */,
				228C6B272BA30CC40085DE54 /* ViewController+CollectionViewLayout.swift */,
			);
			path = HomeScene;
			sourceTree = "<group>";
		};
		228C6B2C2BA31AD60085DE54 /* Cells */ = {
			isa = PBXGroup;
			children = (
				228C6B2D2BA31B010085DE54 /* TrainingMenuCell.swift */,
				228C6B2F2BA31B2B0085DE54 /* PoolInfoCell.swift */,
				228C6B312BA31B540085DE54 /* SimpleStatisticCell.swift */,
			);
			path = Cells;
			sourceTree = "<group>";
		};
		228C6B332BA31B710085DE54 /* Model */ = {
			isa = PBXGroup;
			children = (
				228C6B2A2BA3159D0085DE54 /* StatisticData.swift */,
				2232D3BE2B96AD0F00804F81 /* SwimComponentModel.swift */,
			);
			path = Model;
			sourceTree = "<group>";
		};
		228C6B342BA31B9E0085DE54 /* StatisticScene */ = {
			isa = PBXGroup;
			children = (
				228C6B352BA31BC50085DE54 /* StatisticViewController.swift */,
			);
			path = StatisticScene;
			sourceTree = "<group>";
		};
/* End PBXGroup section */

/* Begin PBXNativeTarget section */
		2232D34F2B95569D00804F81 /* Gliding */ = {
			isa = PBXNativeTarget;
			buildConfigurationList = 2232D37D2B95569F00804F81 /* Build configuration list for PBXNativeTarget "Gliding" */;
			buildPhases = (
				2232D34C2B95569D00804F81 /* Sources */,
				2232D34D2B95569D00804F81 /* Frameworks */,
				2232D34E2B95569D00804F81 /* Resources */,
				2232D3B12B95573700804F81 /* Embed Watch Content */,
			);
			buildRules = (
			);
			dependencies = (
				2232D3AC2B95573700804F81 /* PBXTargetDependency */,
			);
			name = Gliding;
			productName = Gliding;
			productReference = 2232D3502B95569D00804F81 /* Gliding.app */;
			productType = "com.apple.product-type.application";
		};
		2232D3682B95569F00804F81 /* GlidingTests */ = {
			isa = PBXNativeTarget;
			buildConfigurationList = 2232D3802B95569F00804F81 /* Build configuration list for PBXNativeTarget "GlidingTests" */;
			buildPhases = (
				2232D3652B95569F00804F81 /* Sources */,
				2232D3662B95569F00804F81 /* Frameworks */,
				2232D3672B95569F00804F81 /* Resources */,
			);
			buildRules = (
			);
			dependencies = (
				2232D36B2B95569F00804F81 /* PBXTargetDependency */,
			);
			name = GlidingTests;
			productName = GlidingTests;
			productReference = 2232D3692B95569F00804F81 /* GlidingTests.xctest */;
			productType = "com.apple.product-type.bundle.unit-test";
		};
		2232D3722B95569F00804F81 /* GlidingUITests */ = {
			isa = PBXNativeTarget;
			buildConfigurationList = 2232D3832B95569F00804F81 /* Build configuration list for PBXNativeTarget "GlidingUITests" */;
			buildPhases = (
				2232D36F2B95569F00804F81 /* Sources */,
				2232D3702B95569F00804F81 /* Frameworks */,
				2232D3712B95569F00804F81 /* Resources */,
			);
			buildRules = (
			);
			dependencies = (
				2232D3752B95569F00804F81 /* PBXTargetDependency */,
			);
			name = GlidingUITests;
			productName = GlidingUITests;
			productReference = 2232D3732B95569F00804F81 /* GlidingUITests.xctest */;
			productType = "com.apple.product-type.bundle.ui-testing";
		};
		2232D3892B95573500804F81 /* Gliding-watchapp Watch App */ = {
			isa = PBXNativeTarget;
			buildConfigurationList = 2232D3AE2B95573700804F81 /* Build configuration list for PBXNativeTarget "Gliding-watchapp Watch App" */;
			buildPhases = (
				2232D3862B95573500804F81 /* Sources */,
				2232D3872B95573500804F81 /* Frameworks */,
				2232D3882B95573500804F81 /* Resources */,
			);
			buildRules = (
			);
			dependencies = (
			);
			name = "Gliding-watchapp Watch App";
			productName = "Gliding-watchapp Watch App";
			productReference = 2232D38A2B95573500804F81 /* Gliding-watchapp Watch App.app */;
			productType = "com.apple.product-type.application";
		};
		2232D3982B95573700804F81 /* Gliding-watchapp Watch AppTests */ = {
			isa = PBXNativeTarget;
			buildConfigurationList = 2232D3B22B95573700804F81 /* Build configuration list for PBXNativeTarget "Gliding-watchapp Watch AppTests" */;
			buildPhases = (
				2232D3952B95573700804F81 /* Sources */,
				2232D3962B95573700804F81 /* Frameworks */,
				2232D3972B95573700804F81 /* Resources */,
			);
			buildRules = (
			);
			dependencies = (
				2232D39B2B95573700804F81 /* PBXTargetDependency */,
			);
			name = "Gliding-watchapp Watch AppTests";
			productName = "Gliding-watchapp Watch AppTests";
			productReference = 2232D3992B95573700804F81 /* Gliding-watchapp Watch AppTests.xctest */;
			productType = "com.apple.product-type.bundle.unit-test";
		};
		2232D3A22B95573700804F81 /* Gliding-watchapp Watch AppUITests */ = {
			isa = PBXNativeTarget;
			buildConfigurationList = 2232D3B52B95573700804F81 /* Build configuration list for PBXNativeTarget "Gliding-watchapp Watch AppUITests" */;
			buildPhases = (
				2232D39F2B95573700804F81 /* Sources */,
				2232D3A02B95573700804F81 /* Frameworks */,
				2232D3A12B95573700804F81 /* Resources */,
			);
			buildRules = (
			);
			dependencies = (
				2232D3A52B95573700804F81 /* PBXTargetDependency */,
			);
			name = "Gliding-watchapp Watch AppUITests";
			productName = "Gliding-watchapp Watch AppUITests";
			productReference = 2232D3A32B95573700804F81 /* Gliding-watchapp Watch AppUITests.xctest */;
			productType = "com.apple.product-type.bundle.ui-testing";
		};
/* End PBXNativeTarget section */

/* Begin PBXProject section */
		2232D3482B95569D00804F81 /* Project object */ = {
			isa = PBXProject;
			attributes = {
				BuildIndependentTargetsInParallel = 1;
				LastSwiftUpdateCheck = 1520;
				LastUpgradeCheck = 1520;
				TargetAttributes = {
					2232D34F2B95569D00804F81 = {
						CreatedOnToolsVersion = 15.2;
					};
					2232D3682B95569F00804F81 = {
						CreatedOnToolsVersion = 15.2;
						TestTargetID = 2232D34F2B95569D00804F81;
					};
					2232D3722B95569F00804F81 = {
						CreatedOnToolsVersion = 15.2;
						TestTargetID = 2232D34F2B95569D00804F81;
					};
					2232D3892B95573500804F81 = {
						CreatedOnToolsVersion = 15.2;
					};
					2232D3982B95573700804F81 = {
						CreatedOnToolsVersion = 15.2;
						TestTargetID = 2232D3892B95573500804F81;
					};
					2232D3A22B95573700804F81 = {
						CreatedOnToolsVersion = 15.2;
						TestTargetID = 2232D3892B95573500804F81;
					};
				};
			};
			buildConfigurationList = 2232D34B2B95569D00804F81 /* Build configuration list for PBXProject "Gliding" */;
			compatibilityVersion = "Xcode 14.0";
			developmentRegion = en;
			hasScannedForEncodings = 0;
			knownRegions = (
				en,
				Base,
			);
			mainGroup = 2232D3472B95569D00804F81;
			productRefGroup = 2232D3512B95569D00804F81 /* Products */;
			projectDirPath = "";
			projectRoot = "";
			targets = (
				2232D34F2B95569D00804F81 /* Gliding */,
				2232D3682B95569F00804F81 /* GlidingTests */,
				2232D3722B95569F00804F81 /* GlidingUITests */,
				2232D3892B95573500804F81 /* Gliding-watchapp Watch App */,
				2232D3982B95573700804F81 /* Gliding-watchapp Watch AppTests */,
				2232D3A22B95573700804F81 /* Gliding-watchapp Watch AppUITests */,
			);
		};
/* End PBXProject section */

/* Begin PBXResourcesBuildPhase section */
		2232D34E2B95569D00804F81 /* Resources */ = {
			isa = PBXResourcesBuildPhase;
			buildActionMask = 2147483647;
			files = (
				2232D3632B95569F00804F81 /* LaunchScreen.storyboard in Resources */,
				2232D3602B95569F00804F81 /* Assets.xcassets in Resources */,
				2232D35B2B95569D00804F81 /* Main.storyboard in Resources */,
			);
			runOnlyForDeploymentPostprocessing = 0;
		};
		2232D3672B95569F00804F81 /* Resources */ = {
			isa = PBXResourcesBuildPhase;
			buildActionMask = 2147483647;
			files = (
			);
			runOnlyForDeploymentPostprocessing = 0;
		};
		2232D3712B95569F00804F81 /* Resources */ = {
			isa = PBXResourcesBuildPhase;
			buildActionMask = 2147483647;
			files = (
			);
			runOnlyForDeploymentPostprocessing = 0;
		};
		2232D3882B95573500804F81 /* Resources */ = {
			isa = PBXResourcesBuildPhase;
			buildActionMask = 2147483647;
			files = (
				2232D3942B95573600804F81 /* Preview Assets.xcassets in Resources */,
				2232D3912B95573600804F81 /* Assets.xcassets in Resources */,
			);
			runOnlyForDeploymentPostprocessing = 0;
		};
		2232D3972B95573700804F81 /* Resources */ = {
			isa = PBXResourcesBuildPhase;
			buildActionMask = 2147483647;
			files = (
			);
			runOnlyForDeploymentPostprocessing = 0;
		};
		2232D3A12B95573700804F81 /* Resources */ = {
			isa = PBXResourcesBuildPhase;
			buildActionMask = 2147483647;
			files = (
			);
			runOnlyForDeploymentPostprocessing = 0;
		};
/* End PBXResourcesBuildPhase section */

/* Begin PBXSourcesBuildPhase section */
		2232D34C2B95569D00804F81 /* Sources */ = {
			isa = PBXSourcesBuildPhase;
			buildActionMask = 2147483647;
			files = (
				225047A02BE1268A00B8DE22 /* WorkoutListCell.swift in Sources */,
				228C6B2B2BA3159D0085DE54 /* StatisticData.swift in Sources */,
				228C6B322BA31B540085DE54 /* SimpleStatisticCell.swift in Sources */,
				2232D3582B95569D00804F81 /* ViewController.swift in Sources */,
				228C6B362BA31BC50085DE54 /* StatisticViewController.swift in Sources */,
				2232D3542B95569D00804F81 /* AppDelegate.swift in Sources */,
				228C6B302BA31B2B0085DE54 /* PoolInfoCell.swift in Sources */,
				2232D3BF2B96AD0F00804F81 /* SwimComponentModel.swift in Sources */,
				228C6B282BA30CC40085DE54 /* ViewController+CollectionViewLayout.swift in Sources */,
				2232D3C12B96B87B00804F81 /* HealthData.swift in Sources */,
				2232D35E2B95569D00804F81 /* Gliding.xcdatamodeld in Sources */,
				2232D3562B95569D00804F81 /* SceneDelegate.swift in Sources */,
				228C6B2E2BA31B010085DE54 /* TrainingMenuCell.swift in Sources */,
			);
			runOnlyForDeploymentPostprocessing = 0;
		};
		2232D3652B95569F00804F81 /* Sources */ = {
			isa = PBXSourcesBuildPhase;
			buildActionMask = 2147483647;
			files = (
				2232D36E2B95569F00804F81 /* GlidingTests.swift in Sources */,
			);
			runOnlyForDeploymentPostprocessing = 0;
		};
		2232D36F2B95569F00804F81 /* Sources */ = {
			isa = PBXSourcesBuildPhase;
			buildActionMask = 2147483647;
			files = (
				2232D3782B95569F00804F81 /* GlidingUITests.swift in Sources */,
				2232D37A2B95569F00804F81 /* GlidingUITestsLaunchTests.swift in Sources */,
			);
			runOnlyForDeploymentPostprocessing = 0;
		};
		2232D3862B95573500804F81 /* Sources */ = {
			isa = PBXSourcesBuildPhase;
			buildActionMask = 2147483647;
			files = (
				2232D3BD2B95779C00804F81 /* SwimComponentView.swift in Sources */,
				2232D3B92B955BF100804F81 /* PresetListCell.swift in Sources */,
				2232D38F2B95573500804F81 /* ContentView.swift in Sources */,
				2232D3BB2B955DC400804F81 /* PresetDetailView.swift in Sources */,
				2232D38D2B95573500804F81 /* Gliding_watchappApp.swift in Sources */,
			);
			runOnlyForDeploymentPostprocessing = 0;
		};
		2232D3952B95573700804F81 /* Sources */ = {
			isa = PBXSourcesBuildPhase;
			buildActionMask = 2147483647;
			files = (
				2232D39E2B95573700804F81 /* Gliding_watchapp_Watch_AppTests.swift in Sources */,
			);
			runOnlyForDeploymentPostprocessing = 0;
		};
		2232D39F2B95573700804F81 /* Sources */ = {
			isa = PBXSourcesBuildPhase;
			buildActionMask = 2147483647;
			files = (
				2232D3A82B95573700804F81 /* Gliding_watchapp_Watch_AppUITests.swift in Sources */,
				2232D3AA2B95573700804F81 /* Gliding_watchapp_Watch_AppUITestsLaunchTests.swift in Sources */,
			);
			runOnlyForDeploymentPostprocessing = 0;
		};
/* End PBXSourcesBuildPhase section */

/* Begin PBXTargetDependency section */
		2232D36B2B95569F00804F81 /* PBXTargetDependency */ = {
			isa = PBXTargetDependency;
			target = 2232D34F2B95569D00804F81 /* Gliding */;
			targetProxy = 2232D36A2B95569F00804F81 /* PBXContainerItemProxy */;
		};
		2232D3752B95569F00804F81 /* PBXTargetDependency */ = {
			isa = PBXTargetDependency;
			target = 2232D34F2B95569D00804F81 /* Gliding */;
			targetProxy = 2232D3742B95569F00804F81 /* PBXContainerItemProxy */;
		};
		2232D39B2B95573700804F81 /* PBXTargetDependency */ = {
			isa = PBXTargetDependency;
			target = 2232D3892B95573500804F81 /* Gliding-watchapp Watch App */;
			targetProxy = 2232D39A2B95573700804F81 /* PBXContainerItemProxy */;
		};
		2232D3A52B95573700804F81 /* PBXTargetDependency */ = {
			isa = PBXTargetDependency;
			target = 2232D3892B95573500804F81 /* Gliding-watchapp Watch App */;
			targetProxy = 2232D3A42B95573700804F81 /* PBXContainerItemProxy */;
		};
		2232D3AC2B95573700804F81 /* PBXTargetDependency */ = {
			isa = PBXTargetDependency;
			target = 2232D3892B95573500804F81 /* Gliding-watchapp Watch App */;
			targetProxy = 2232D3AB2B95573700804F81 /* PBXContainerItemProxy */;
		};
/* End PBXTargetDependency section */

/* Begin PBXVariantGroup section */
		2232D3592B95569D00804F81 /* Main.storyboard */ = {
			isa = PBXVariantGroup;
			children = (
				2232D35A2B95569D00804F81 /* Base */,
			);
			name = Main.storyboard;
			sourceTree = "<group>";
		};
		2232D3612B95569F00804F81 /* LaunchScreen.storyboard */ = {
			isa = PBXVariantGroup;
			children = (
				2232D3622B95569F00804F81 /* Base */,
			);
			name = LaunchScreen.storyboard;
			sourceTree = "<group>";
		};
/* End PBXVariantGroup section */

/* Begin XCBuildConfiguration section */
		2232D37B2B95569F00804F81 /* Debug */ = {
			isa = XCBuildConfiguration;
			buildSettings = {
				ALWAYS_SEARCH_USER_PATHS = NO;
				ASSETCATALOG_COMPILER_GENERATE_SWIFT_ASSET_SYMBOL_EXTENSIONS = YES;
				CLANG_ANALYZER_NONNULL = YES;
				CLANG_ANALYZER_NUMBER_OBJECT_CONVERSION = YES_AGGRESSIVE;
				CLANG_CXX_LANGUAGE_STANDARD = "gnu++20";
				CLANG_ENABLE_MODULES = YES;
				CLANG_ENABLE_OBJC_ARC = YES;
				CLANG_ENABLE_OBJC_WEAK = YES;
				CLANG_WARN_BLOCK_CAPTURE_AUTORELEASING = YES;
				CLANG_WARN_BOOL_CONVERSION = YES;
				CLANG_WARN_COMMA = YES;
				CLANG_WARN_CONSTANT_CONVERSION = YES;
				CLANG_WARN_DEPRECATED_OBJC_IMPLEMENTATIONS = YES;
				CLANG_WARN_DIRECT_OBJC_ISA_USAGE = YES_ERROR;
				CLANG_WARN_DOCUMENTATION_COMMENTS = YES;
				CLANG_WARN_EMPTY_BODY = YES;
				CLANG_WARN_ENUM_CONVERSION = YES;
				CLANG_WARN_INFINITE_RECURSION = YES;
				CLANG_WARN_INT_CONVERSION = YES;
				CLANG_WARN_NON_LITERAL_NULL_CONVERSION = YES;
				CLANG_WARN_OBJC_IMPLICIT_RETAIN_SELF = YES;
				CLANG_WARN_OBJC_LITERAL_CONVERSION = YES;
				CLANG_WARN_OBJC_ROOT_CLASS = YES_ERROR;
				CLANG_WARN_QUOTED_INCLUDE_IN_FRAMEWORK_HEADER = YES;
				CLANG_WARN_RANGE_LOOP_ANALYSIS = YES;
				CLANG_WARN_STRICT_PROTOTYPES = YES;
				CLANG_WARN_SUSPICIOUS_MOVE = YES;
				CLANG_WARN_UNGUARDED_AVAILABILITY = YES_AGGRESSIVE;
				CLANG_WARN_UNREACHABLE_CODE = YES;
				CLANG_WARN__DUPLICATE_METHOD_MATCH = YES;
				COPY_PHASE_STRIP = NO;
				DEBUG_INFORMATION_FORMAT = dwarf;
				ENABLE_STRICT_OBJC_MSGSEND = YES;
				ENABLE_TESTABILITY = YES;
				ENABLE_USER_SCRIPT_SANDBOXING = YES;
				GCC_C_LANGUAGE_STANDARD = gnu17;
				GCC_DYNAMIC_NO_PIC = NO;
				GCC_NO_COMMON_BLOCKS = YES;
				GCC_OPTIMIZATION_LEVEL = 0;
				GCC_PREPROCESSOR_DEFINITIONS = (
					"DEBUG=1",
					"$(inherited)",
				);
				GCC_WARN_64_TO_32_BIT_CONVERSION = YES;
				GCC_WARN_ABOUT_RETURN_TYPE = YES_ERROR;
				GCC_WARN_UNDECLARED_SELECTOR = YES;
				GCC_WARN_UNINITIALIZED_AUTOS = YES_AGGRESSIVE;
				GCC_WARN_UNUSED_FUNCTION = YES;
				GCC_WARN_UNUSED_VARIABLE = YES;
				IPHONEOS_DEPLOYMENT_TARGET = 17.2;
				LOCALIZATION_PREFERS_STRING_CATALOGS = YES;
				MTL_ENABLE_DEBUG_INFO = INCLUDE_SOURCE;
				MTL_FAST_MATH = YES;
				ONLY_ACTIVE_ARCH = YES;
				SDKROOT = iphoneos;
				SWIFT_ACTIVE_COMPILATION_CONDITIONS = "DEBUG $(inherited)";
				SWIFT_OPTIMIZATION_LEVEL = "-Onone";
			};
			name = Debug;
		};
		2232D37C2B95569F00804F81 /* Release */ = {
			isa = XCBuildConfiguration;
			buildSettings = {
				ALWAYS_SEARCH_USER_PATHS = NO;
				ASSETCATALOG_COMPILER_GENERATE_SWIFT_ASSET_SYMBOL_EXTENSIONS = YES;
				CLANG_ANALYZER_NONNULL = YES;
				CLANG_ANALYZER_NUMBER_OBJECT_CONVERSION = YES_AGGRESSIVE;
				CLANG_CXX_LANGUAGE_STANDARD = "gnu++20";
				CLANG_ENABLE_MODULES = YES;
				CLANG_ENABLE_OBJC_ARC = YES;
				CLANG_ENABLE_OBJC_WEAK = YES;
				CLANG_WARN_BLOCK_CAPTURE_AUTORELEASING = YES;
				CLANG_WARN_BOOL_CONVERSION = YES;
				CLANG_WARN_COMMA = YES;
				CLANG_WARN_CONSTANT_CONVERSION = YES;
				CLANG_WARN_DEPRECATED_OBJC_IMPLEMENTATIONS = YES;
				CLANG_WARN_DIRECT_OBJC_ISA_USAGE = YES_ERROR;
				CLANG_WARN_DOCUMENTATION_COMMENTS = YES;
				CLANG_WARN_EMPTY_BODY = YES;
				CLANG_WARN_ENUM_CONVERSION = YES;
				CLANG_WARN_INFINITE_RECURSION = YES;
				CLANG_WARN_INT_CONVERSION = YES;
				CLANG_WARN_NON_LITERAL_NULL_CONVERSION = YES;
				CLANG_WARN_OBJC_IMPLICIT_RETAIN_SELF = YES;
				CLANG_WARN_OBJC_LITERAL_CONVERSION = YES;
				CLANG_WARN_OBJC_ROOT_CLASS = YES_ERROR;
				CLANG_WARN_QUOTED_INCLUDE_IN_FRAMEWORK_HEADER = YES;
				CLANG_WARN_RANGE_LOOP_ANALYSIS = YES;
				CLANG_WARN_STRICT_PROTOTYPES = YES;
				CLANG_WARN_SUSPICIOUS_MOVE = YES;
				CLANG_WARN_UNGUARDED_AVAILABILITY = YES_AGGRESSIVE;
				CLANG_WARN_UNREACHABLE_CODE = YES;
				CLANG_WARN__DUPLICATE_METHOD_MATCH = YES;
				COPY_PHASE_STRIP = NO;
				DEBUG_INFORMATION_FORMAT = "dwarf-with-dsym";
				ENABLE_NS_ASSERTIONS = NO;
				ENABLE_STRICT_OBJC_MSGSEND = YES;
				ENABLE_USER_SCRIPT_SANDBOXING = YES;
				GCC_C_LANGUAGE_STANDARD = gnu17;
				GCC_NO_COMMON_BLOCKS = YES;
				GCC_WARN_64_TO_32_BIT_CONVERSION = YES;
				GCC_WARN_ABOUT_RETURN_TYPE = YES_ERROR;
				GCC_WARN_UNDECLARED_SELECTOR = YES;
				GCC_WARN_UNINITIALIZED_AUTOS = YES_AGGRESSIVE;
				GCC_WARN_UNUSED_FUNCTION = YES;
				GCC_WARN_UNUSED_VARIABLE = YES;
				IPHONEOS_DEPLOYMENT_TARGET = 17.2;
				LOCALIZATION_PREFERS_STRING_CATALOGS = YES;
				MTL_ENABLE_DEBUG_INFO = NO;
				MTL_FAST_MATH = YES;
				SDKROOT = iphoneos;
				SWIFT_COMPILATION_MODE = wholemodule;
				VALIDATE_PRODUCT = YES;
			};
			name = Release;
		};
		2232D37E2B95569F00804F81 /* Debug */ = {
			isa = XCBuildConfiguration;
			buildSettings = {
				ALWAYS_EMBED_SWIFT_STANDARD_LIBRARIES = YES;
				ASSETCATALOG_COMPILER_APPICON_NAME = AppIcon;
				ASSETCATALOG_COMPILER_GLOBAL_ACCENT_COLOR_NAME = AccentColor;
				CODE_SIGN_ENTITLEMENTS = Gliding/Gliding.entitlements;
				CODE_SIGN_STYLE = Automatic;
				CURRENT_PROJECT_VERSION = 1;
				DEVELOPMENT_TEAM = UUYBHY988H;
				GENERATE_INFOPLIST_FILE = YES;
				INFOPLIST_FILE = Gliding/Info.plist;
				INFOPLIST_KEY_UIApplicationSupportsIndirectInputEvents = YES;
				INFOPLIST_KEY_UILaunchStoryboardName = LaunchScreen;
				INFOPLIST_KEY_UIMainStoryboardFile = Main;
				INFOPLIST_KEY_UISupportedInterfaceOrientations_iPad = "UIInterfaceOrientationPortrait UIInterfaceOrientationPortraitUpsideDown UIInterfaceOrientationLandscapeLeft UIInterfaceOrientationLandscapeRight";
				INFOPLIST_KEY_UISupportedInterfaceOrientations_iPhone = "UIInterfaceOrientationPortrait UIInterfaceOrientationLandscapeLeft UIInterfaceOrientationLandscapeRight";
				LD_RUNPATH_SEARCH_PATHS = (
					"$(inherited)",
					"@executable_path/Frameworks",
				);
				MARKETING_VERSION = 1.0;
				PRODUCT_BUNDLE_IDENTIFIER = com.justhm.Gliding;
				PRODUCT_NAME = "$(TARGET_NAME)";
				SUPPORTED_PLATFORMS = "iphoneos iphonesimulator";
				SUPPORTS_MACCATALYST = NO;
				SUPPORTS_MAC_DESIGNED_FOR_IPHONE_IPAD = NO;
				SWIFT_EMIT_LOC_STRINGS = YES;
				SWIFT_VERSION = 5.0;
				TARGETED_DEVICE_FAMILY = "1,2";
			};
			name = Debug;
		};
		2232D37F2B95569F00804F81 /* Release */ = {
			isa = XCBuildConfiguration;
			buildSettings = {
				ALWAYS_EMBED_SWIFT_STANDARD_LIBRARIES = YES;
				ASSETCATALOG_COMPILER_APPICON_NAME = AppIcon;
				ASSETCATALOG_COMPILER_GLOBAL_ACCENT_COLOR_NAME = AccentColor;
				CODE_SIGN_ENTITLEMENTS = Gliding/Gliding.entitlements;
				CODE_SIGN_STYLE = Automatic;
				CURRENT_PROJECT_VERSION = 1;
				DEVELOPMENT_TEAM = UUYBHY988H;
				GENERATE_INFOPLIST_FILE = YES;
				INFOPLIST_FILE = Gliding/Info.plist;
				INFOPLIST_KEY_UIApplicationSupportsIndirectInputEvents = YES;
				INFOPLIST_KEY_UILaunchStoryboardName = LaunchScreen;
				INFOPLIST_KEY_UIMainStoryboardFile = Main;
				INFOPLIST_KEY_UISupportedInterfaceOrientations_iPad = "UIInterfaceOrientationPortrait UIInterfaceOrientationPortraitUpsideDown UIInterfaceOrientationLandscapeLeft UIInterfaceOrientationLandscapeRight";
				INFOPLIST_KEY_UISupportedInterfaceOrientations_iPhone = "UIInterfaceOrientationPortrait UIInterfaceOrientationLandscapeLeft UIInterfaceOrientationLandscapeRight";
				LD_RUNPATH_SEARCH_PATHS = (
					"$(inherited)",
					"@executable_path/Frameworks",
				);
				MARKETING_VERSION = 1.0;
				PRODUCT_BUNDLE_IDENTIFIER = com.justhm.Gliding;
				PRODUCT_NAME = "$(TARGET_NAME)";
				SUPPORTED_PLATFORMS = "iphoneos iphonesimulator";
				SUPPORTS_MACCATALYST = NO;
				SUPPORTS_MAC_DESIGNED_FOR_IPHONE_IPAD = NO;
				SWIFT_EMIT_LOC_STRINGS = YES;
				SWIFT_VERSION = 5.0;
				TARGETED_DEVICE_FAMILY = "1,2";
			};
			name = Release;
		};
		2232D3812B95569F00804F81 /* Debug */ = {
			isa = XCBuildConfiguration;
			buildSettings = {
				ALWAYS_EMBED_SWIFT_STANDARD_LIBRARIES = YES;
				BUNDLE_LOADER = "$(TEST_HOST)";
				CODE_SIGN_STYLE = Automatic;
				CURRENT_PROJECT_VERSION = 1;
				DEVELOPMENT_TEAM = UUYBHY988H;
				GENERATE_INFOPLIST_FILE = YES;
				IPHONEOS_DEPLOYMENT_TARGET = 17.2;
				MARKETING_VERSION = 1.0;
				PRODUCT_BUNDLE_IDENTIFIER = com.justhm.GlidingTests;
				PRODUCT_NAME = "$(TARGET_NAME)";
				SWIFT_EMIT_LOC_STRINGS = NO;
				SWIFT_VERSION = 5.0;
				TARGETED_DEVICE_FAMILY = "1,2";
				TEST_HOST = "$(BUILT_PRODUCTS_DIR)/Gliding.app/$(BUNDLE_EXECUTABLE_FOLDER_PATH)/Gliding";
			};
			name = Debug;
		};
		2232D3822B95569F00804F81 /* Release */ = {
			isa = XCBuildConfiguration;
			buildSettings = {
				ALWAYS_EMBED_SWIFT_STANDARD_LIBRARIES = YES;
				BUNDLE_LOADER = "$(TEST_HOST)";
				CODE_SIGN_STYLE = Automatic;
				CURRENT_PROJECT_VERSION = 1;
				DEVELOPMENT_TEAM = UUYBHY988H;
				GENERATE_INFOPLIST_FILE = YES;
				IPHONEOS_DEPLOYMENT_TARGET = 17.2;
				MARKETING_VERSION = 1.0;
				PRODUCT_BUNDLE_IDENTIFIER = com.justhm.GlidingTests;
				PRODUCT_NAME = "$(TARGET_NAME)";
				SWIFT_EMIT_LOC_STRINGS = NO;
				SWIFT_VERSION = 5.0;
				TARGETED_DEVICE_FAMILY = "1,2";
				TEST_HOST = "$(BUILT_PRODUCTS_DIR)/Gliding.app/$(BUNDLE_EXECUTABLE_FOLDER_PATH)/Gliding";
			};
			name = Release;
		};
		2232D3842B95569F00804F81 /* Debug */ = {
			isa = XCBuildConfiguration;
			buildSettings = {
				ALWAYS_EMBED_SWIFT_STANDARD_LIBRARIES = YES;
				CODE_SIGN_STYLE = Automatic;
				CURRENT_PROJECT_VERSION = 1;
				DEVELOPMENT_TEAM = UUYBHY988H;
				GENERATE_INFOPLIST_FILE = YES;
				MARKETING_VERSION = 1.0;
				PRODUCT_BUNDLE_IDENTIFIER = com.justhm.GlidingUITests;
				PRODUCT_NAME = "$(TARGET_NAME)";
				SWIFT_EMIT_LOC_STRINGS = NO;
				SWIFT_VERSION = 5.0;
				TARGETED_DEVICE_FAMILY = "1,2";
				TEST_TARGET_NAME = Gliding;
			};
			name = Debug;
		};
		2232D3852B95569F00804F81 /* Release */ = {
			isa = XCBuildConfiguration;
			buildSettings = {
				ALWAYS_EMBED_SWIFT_STANDARD_LIBRARIES = YES;
				CODE_SIGN_STYLE = Automatic;
				CURRENT_PROJECT_VERSION = 1;
				DEVELOPMENT_TEAM = UUYBHY988H;
				GENERATE_INFOPLIST_FILE = YES;
				MARKETING_VERSION = 1.0;
				PRODUCT_BUNDLE_IDENTIFIER = com.justhm.GlidingUITests;
				PRODUCT_NAME = "$(TARGET_NAME)";
				SWIFT_EMIT_LOC_STRINGS = NO;
				SWIFT_VERSION = 5.0;
				TARGETED_DEVICE_FAMILY = "1,2";
				TEST_TARGET_NAME = Gliding;
			};
			name = Release;
		};
		2232D3AF2B95573700804F81 /* Debug */ = {
			isa = XCBuildConfiguration;
			buildSettings = {
				ASSETCATALOG_COMPILER_APPICON_NAME = AppIcon;
				ASSETCATALOG_COMPILER_GLOBAL_ACCENT_COLOR_NAME = AccentColor;
				CODE_SIGN_ENTITLEMENTS = "Gliding-watchapp Watch App/Gliding-watchapp Watch App.entitlements";
				CODE_SIGN_STYLE = Automatic;
				CURRENT_PROJECT_VERSION = 1;
				DEVELOPMENT_ASSET_PATHS = "\"Gliding-watchapp Watch App/Preview Content\"";
				DEVELOPMENT_TEAM = UUYBHY988H;
				ENABLE_PREVIEWS = YES;
				GENERATE_INFOPLIST_FILE = YES;
				INFOPLIST_KEY_CFBundleDisplayName = "Gliding-watchapp";
				INFOPLIST_KEY_UISupportedInterfaceOrientations = "UIInterfaceOrientationPortrait UIInterfaceOrientationPortraitUpsideDown";
				INFOPLIST_KEY_WKCompanionAppBundleIdentifier = com.justhm.Gliding;
				INFOPLIST_KEY_WKRunsIndependentlyOfCompanionApp = NO;
				LD_RUNPATH_SEARCH_PATHS = (
					"$(inherited)",
					"@executable_path/Frameworks",
				);
				MARKETING_VERSION = 1.0;
				PRODUCT_BUNDLE_IDENTIFIER = com.justhm.Gliding.watchkitapp;
				PRODUCT_NAME = "$(TARGET_NAME)";
				SDKROOT = watchos;
				SKIP_INSTALL = YES;
				SWIFT_EMIT_LOC_STRINGS = YES;
				SWIFT_VERSION = 5.0;
				TARGETED_DEVICE_FAMILY = 4;
				WATCHOS_DEPLOYMENT_TARGET = 8.0;
			};
			name = Debug;
		};
		2232D3B02B95573700804F81 /* Release */ = {
			isa = XCBuildConfiguration;
			buildSettings = {
				ASSETCATALOG_COMPILER_APPICON_NAME = AppIcon;
				ASSETCATALOG_COMPILER_GLOBAL_ACCENT_COLOR_NAME = AccentColor;
				CODE_SIGN_ENTITLEMENTS = "Gliding-watchapp Watch App/Gliding-watchapp Watch App.entitlements";
				CODE_SIGN_STYLE = Automatic;
				CURRENT_PROJECT_VERSION = 1;
				DEVELOPMENT_ASSET_PATHS = "\"Gliding-watchapp Watch App/Preview Content\"";
				DEVELOPMENT_TEAM = UUYBHY988H;
				ENABLE_PREVIEWS = YES;
				GENERATE_INFOPLIST_FILE = YES;
				INFOPLIST_KEY_CFBundleDisplayName = "Gliding-watchapp";
				INFOPLIST_KEY_UISupportedInterfaceOrientations = "UIInterfaceOrientationPortrait UIInterfaceOrientationPortraitUpsideDown";
				INFOPLIST_KEY_WKCompanionAppBundleIdentifier = com.justhm.Gliding;
				INFOPLIST_KEY_WKRunsIndependentlyOfCompanionApp = NO;
				LD_RUNPATH_SEARCH_PATHS = (
					"$(inherited)",
					"@executable_path/Frameworks",
				);
				MARKETING_VERSION = 1.0;
				PRODUCT_BUNDLE_IDENTIFIER = com.justhm.Gliding.watchkitapp;
				PRODUCT_NAME = "$(TARGET_NAME)";
				SDKROOT = watchos;
				SKIP_INSTALL = YES;
				SWIFT_EMIT_LOC_STRINGS = YES;
				SWIFT_VERSION = 5.0;
				TARGETED_DEVICE_FAMILY = 4;
				WATCHOS_DEPLOYMENT_TARGET = 8.0;
			};
			name = Release;
		};
		2232D3B32B95573700804F81 /* Debug */ = {
			isa = XCBuildConfiguration;
			buildSettings = {
				ALWAYS_EMBED_SWIFT_STANDARD_LIBRARIES = YES;
				BUNDLE_LOADER = "$(TEST_HOST)";
				CODE_SIGN_STYLE = Automatic;
				CURRENT_PROJECT_VERSION = 1;
				DEVELOPMENT_TEAM = UUYBHY988H;
				GENERATE_INFOPLIST_FILE = YES;
				MARKETING_VERSION = 1.0;
				PRODUCT_BUNDLE_IDENTIFIER = "com.justhm.Gliding-watchapp-Watch-AppTests";
				PRODUCT_NAME = "$(TARGET_NAME)";
				SDKROOT = watchos;
				SWIFT_EMIT_LOC_STRINGS = NO;
				SWIFT_VERSION = 5.0;
				TARGETED_DEVICE_FAMILY = 4;
				TEST_HOST = "$(BUILT_PRODUCTS_DIR)/Gliding-watchapp Watch App.app/$(BUNDLE_EXECUTABLE_FOLDER_PATH)/Gliding-watchapp Watch App";
				WATCHOS_DEPLOYMENT_TARGET = 10.2;
			};
			name = Debug;
		};
		2232D3B42B95573700804F81 /* Release */ = {
			isa = XCBuildConfiguration;
			buildSettings = {
				ALWAYS_EMBED_SWIFT_STANDARD_LIBRARIES = YES;
				BUNDLE_LOADER = "$(TEST_HOST)";
				CODE_SIGN_STYLE = Automatic;
				CURRENT_PROJECT_VERSION = 1;
				DEVELOPMENT_TEAM = UUYBHY988H;
				GENERATE_INFOPLIST_FILE = YES;
				MARKETING_VERSION = 1.0;
				PRODUCT_BUNDLE_IDENTIFIER = "com.justhm.Gliding-watchapp-Watch-AppTests";
				PRODUCT_NAME = "$(TARGET_NAME)";
				SDKROOT = watchos;
				SWIFT_EMIT_LOC_STRINGS = NO;
				SWIFT_VERSION = 5.0;
				TARGETED_DEVICE_FAMILY = 4;
				TEST_HOST = "$(BUILT_PRODUCTS_DIR)/Gliding-watchapp Watch App.app/$(BUNDLE_EXECUTABLE_FOLDER_PATH)/Gliding-watchapp Watch App";
				WATCHOS_DEPLOYMENT_TARGET = 10.2;
			};
			name = Release;
		};
		2232D3B62B95573700804F81 /* Debug */ = {
			isa = XCBuildConfiguration;
			buildSettings = {
				ALWAYS_EMBED_SWIFT_STANDARD_LIBRARIES = YES;
				CODE_SIGN_STYLE = Automatic;
				CURRENT_PROJECT_VERSION = 1;
				DEVELOPMENT_TEAM = UUYBHY988H;
				GENERATE_INFOPLIST_FILE = YES;
				MARKETING_VERSION = 1.0;
				PRODUCT_BUNDLE_IDENTIFIER = "com.justhm.Gliding-watchapp-Watch-AppUITests";
				PRODUCT_NAME = "$(TARGET_NAME)";
				SDKROOT = watchos;
				SWIFT_EMIT_LOC_STRINGS = NO;
				SWIFT_VERSION = 5.0;
				TARGETED_DEVICE_FAMILY = 4;
				TEST_TARGET_NAME = "Gliding-watchapp Watch App";
				WATCHOS_DEPLOYMENT_TARGET = 10.2;
			};
			name = Debug;
		};
		2232D3B72B95573700804F81 /* Release */ = {
			isa = XCBuildConfiguration;
			buildSettings = {
				ALWAYS_EMBED_SWIFT_STANDARD_LIBRARIES = YES;
				CODE_SIGN_STYLE = Automatic;
				CURRENT_PROJECT_VERSION = 1;
				DEVELOPMENT_TEAM = UUYBHY988H;
				GENERATE_INFOPLIST_FILE = YES;
				MARKETING_VERSION = 1.0;
				PRODUCT_BUNDLE_IDENTIFIER = "com.justhm.Gliding-watchapp-Watch-AppUITests";
				PRODUCT_NAME = "$(TARGET_NAME)";
				SDKROOT = watchos;
				SWIFT_EMIT_LOC_STRINGS = NO;
				SWIFT_VERSION = 5.0;
				TARGETED_DEVICE_FAMILY = 4;
				TEST_TARGET_NAME = "Gliding-watchapp Watch App";
				WATCHOS_DEPLOYMENT_TARGET = 10.2;
			};
			name = Release;
		};
/* End XCBuildConfiguration section */

/* Begin XCConfigurationList section */
		2232D34B2B95569D00804F81 /* Build configuration list for PBXProject "Gliding" */ = {
			isa = XCConfigurationList;
			buildConfigurations = (
				2232D37B2B95569F00804F81 /* Debug */,
				2232D37C2B95569F00804F81 /* Release */,
			);
			defaultConfigurationIsVisible = 0;
			defaultConfigurationName = Release;
		};
		2232D37D2B95569F00804F81 /* Build configuration list for PBXNativeTarget "Gliding" */ = {
			isa = XCConfigurationList;
			buildConfigurations = (
				2232D37E2B95569F00804F81 /* Debug */,
				2232D37F2B95569F00804F81 /* Release */,
			);
			defaultConfigurationIsVisible = 0;
			defaultConfigurationName = Release;
		};
		2232D3802B95569F00804F81 /* Build configuration list for PBXNativeTarget "GlidingTests" */ = {
			isa = XCConfigurationList;
			buildConfigurations = (
				2232D3812B95569F00804F81 /* Debug */,
				2232D3822B95569F00804F81 /* Release */,
			);
			defaultConfigurationIsVisible = 0;
			defaultConfigurationName = Release;
		};
		2232D3832B95569F00804F81 /* Build configuration list for PBXNativeTarget "GlidingUITests" */ = {
			isa = XCConfigurationList;
			buildConfigurations = (
				2232D3842B95569F00804F81 /* Debug */,
				2232D3852B95569F00804F81 /* Release */,
			);
			defaultConfigurationIsVisible = 0;
			defaultConfigurationName = Release;
		};
		2232D3AE2B95573700804F81 /* Build configuration list for PBXNativeTarget "Gliding-watchapp Watch App" */ = {
			isa = XCConfigurationList;
			buildConfigurations = (
				2232D3AF2B95573700804F81 /* Debug */,
				2232D3B02B95573700804F81 /* Release */,
			);
			defaultConfigurationIsVisible = 0;
			defaultConfigurationName = Release;
		};
		2232D3B22B95573700804F81 /* Build configuration list for PBXNativeTarget "Gliding-watchapp Watch AppTests" */ = {
			isa = XCConfigurationList;
			buildConfigurations = (
				2232D3B32B95573700804F81 /* Debug */,
				2232D3B42B95573700804F81 /* Release */,
			);
			defaultConfigurationIsVisible = 0;
			defaultConfigurationName = Release;
		};
		2232D3B52B95573700804F81 /* Build configuration list for PBXNativeTarget "Gliding-watchapp Watch AppUITests" */ = {
			isa = XCConfigurationList;
			buildConfigurations = (
				2232D3B62B95573700804F81 /* Debug */,
				2232D3B72B95573700804F81 /* Release */,
			);
			defaultConfigurationIsVisible = 0;
			defaultConfigurationName = Release;
		};
/* End XCConfigurationList section */

/* Begin XCVersionGroup section */
		2232D35C2B95569D00804F81 /* Gliding.xcdatamodeld */ = {
			isa = XCVersionGroup;
			children = (
				2232D35D2B95569D00804F81 /* Gliding.xcdatamodel */,
			);
			currentVersion = 2232D35D2B95569D00804F81 /* Gliding.xcdatamodel */;
			path = Gliding.xcdatamodeld;
			sourceTree = "<group>";
			versionGroupType = wrapper.xcdatamodel;
		};
/* End XCVersionGroup section */
	};
	rootObject = 2232D3482B95569D00804F81 /* Project object */;
}
